// !$*UTF8*$!
{
	archiveVersion = 1;
	classes = {
	};
	objectVersion = 55;
	objects = {

/* Begin PBXBuildFile section */
		B01D80E827BFB1F2007347CC /* WeatherManager.swift in Sources */ = {isa = PBXBuildFile; fileRef = B01D80E727BFB1F2007347CC /* WeatherManager.swift */; };
		B01D80EA27BFE497007347CC /* WeatherData.swift in Sources */ = {isa = PBXBuildFile; fileRef = B01D80E927BFE497007347CC /* WeatherData.swift */; };
		B046E99927BE8CB2008214C4 /* AppDelegate.swift in Sources */ = {isa = PBXBuildFile; fileRef = B046E99827BE8CB2008214C4 /* AppDelegate.swift */; };
		B046E99B27BE8CB2008214C4 /* SceneDelegate.swift in Sources */ = {isa = PBXBuildFile; fileRef = B046E99A27BE8CB2008214C4 /* SceneDelegate.swift */; };
		B046E99D27BE8CB2008214C4 /* WeatherViewController.swift in Sources */ = {isa = PBXBuildFile; fileRef = B046E99C27BE8CB2008214C4 /* WeatherViewController.swift */; };
		B046E9A027BE8CB2008214C4 /* Main.storyboard in Resources */ = {isa = PBXBuildFile; fileRef = B046E99E27BE8CB2008214C4 /* Main.storyboard */; };
		B046E9A227BE8CB2008214C4 /* Assets.xcassets in Resources */ = {isa = PBXBuildFile; fileRef = B046E9A127BE8CB2008214C4 /* Assets.xcassets */; };
		B046E9A527BE8CB2008214C4 /* LaunchScreen.storyboard in Resources */ = {isa = PBXBuildFile; fileRef = B046E9A327BE8CB2008214C4 /* LaunchScreen.storyboard */; };
		B0A2448027C3B1CC008A8456 /* WeatherModel.swift in Sources */ = {isa = PBXBuildFile; fileRef = B0A2447F27C3B1CC008A8456 /* WeatherModel.swift */; };
/* End PBXBuildFile section */

/* Begin PBXFileReference section */
		B01D80E727BFB1F2007347CC /* WeatherManager.swift */ = {isa = PBXFileReference; lastKnownFileType = sourcecode.swift; path = WeatherManager.swift; sourceTree = "<group>"; };
		B01D80E927BFE497007347CC /* WeatherData.swift */ = {isa = PBXFileReference; lastKnownFileType = sourcecode.swift; path = WeatherData.swift; sourceTree = "<group>"; };
		B046E99527BE8CB2008214C4 /* 13.Clima.app */ = {isa = PBXFileReference; explicitFileType = wrapper.application; includeInIndex = 0; path = 13.Clima.app; sourceTree = BUILT_PRODUCTS_DIR; };
		B046E99827BE8CB2008214C4 /* AppDelegate.swift */ = {isa = PBXFileReference; lastKnownFileType = sourcecode.swift; path = AppDelegate.swift; sourceTree = "<group>"; };
		B046E99A27BE8CB2008214C4 /* SceneDelegate.swift */ = {isa = PBXFileReference; lastKnownFileType = sourcecode.swift; path = SceneDelegate.swift; sourceTree = "<group>"; };
		B046E99C27BE8CB2008214C4 /* WeatherViewController.swift */ = {isa = PBXFileReference; lastKnownFileType = sourcecode.swift; path = WeatherViewController.swift; sourceTree = "<group>"; };
		B046E99F27BE8CB2008214C4 /* Base */ = {isa = PBXFileReference; lastKnownFileType = file.storyboard; name = Base; path = Base.lproj/Main.storyboard; sourceTree = "<group>"; };
		B046E9A127BE8CB2008214C4 /* Assets.xcassets */ = {isa = PBXFileReference; lastKnownFileType = folder.assetcatalog; path = Assets.xcassets; sourceTree = "<group>"; };
		B046E9A427BE8CB2008214C4 /* Base */ = {isa = PBXFileReference; lastKnownFileType = file.storyboard; name = Base; path = Base.lproj/LaunchScreen.storyboard; sourceTree = "<group>"; };
		B046E9A627BE8CB2008214C4 /* Info.plist */ = {isa = PBXFileReference; lastKnownFileType = text.plist.xml; path = Info.plist; sourceTree = "<group>"; };
		B0A2447F27C3B1CC008A8456 /* WeatherModel.swift */ = {isa = PBXFileReference; lastKnownFileType = sourcecode.swift; path = WeatherModel.swift; sourceTree = "<group>"; };
/* End PBXFileReference section */

/* Begin PBXFrameworksBuildPhase section */
		B046E99227BE8CB2008214C4 /* Frameworks */ = {
			isa = PBXFrameworksBuildPhase;
			buildActionMask = 2147483647;
			files = (
			);
			runOnlyForDeploymentPostprocessing = 0;
		};
/* End PBXFrameworksBuildPhase section */

/* Begin PBXGroup section */
		B046E98C27BE8CB2008214C4 = {
			isa = PBXGroup;
			children = (
				B046E99727BE8CB2008214C4 /* 13.Clima */,
				B046E99627BE8CB2008214C4 /* Products */,
			);
			sourceTree = "<group>";
		};
		B046E99627BE8CB2008214C4 /* Products */ = {
			isa = PBXGroup;
			children = (
				B046E99527BE8CB2008214C4 /* 13.Clima.app */,
			);
			name = Products;
			sourceTree = "<group>";
		};
		B046E99727BE8CB2008214C4 /* 13.Clima */ = {
			isa = PBXGroup;
			children = (
				B046E99827BE8CB2008214C4 /* AppDelegate.swift */,
				B046E99A27BE8CB2008214C4 /* SceneDelegate.swift */,
				B046E9B227BE8D6B008214C4 /* Model */,
				B046E9AD27BE8D22008214C4 /* View */,
				B046E9AC27BE8D0E008214C4 /* Controller */,
				B046E9A127BE8CB2008214C4 /* Assets.xcassets */,
				B046E9A327BE8CB2008214C4 /* LaunchScreen.storyboard */,
				B046E9A627BE8CB2008214C4 /* Info.plist */,
			);
			path = 13.Clima;
			sourceTree = "<group>";
		};
		B046E9AC27BE8D0E008214C4 /* Controller */ = {
			isa = PBXGroup;
			children = (
				B046E99C27BE8CB2008214C4 /* WeatherViewController.swift */,
			);
			path = Controller;
			sourceTree = "<group>";
		};
		B046E9AD27BE8D22008214C4 /* View */ = {
			isa = PBXGroup;
			children = (
				B046E99E27BE8CB2008214C4 /* Main.storyboard */,
			);
			path = View;
			sourceTree = "<group>";
		};
		B046E9B227BE8D6B008214C4 /* Model */ = {
			isa = PBXGroup;
			children = (
				B01D80E727BFB1F2007347CC /* WeatherManager.swift */,
				B01D80E927BFE497007347CC /* WeatherData.swift */,
				B0A2447F27C3B1CC008A8456 /* WeatherModel.swift */,
			);
			path = Model;
			sourceTree = "<group>";
		};
/* End PBXGroup section */

/* Begin PBXNativeTarget section */
		B046E99427BE8CB2008214C4 /* 13.Clima */ = {
			isa = PBXNativeTarget;
			buildConfigurationList = B046E9A927BE8CB2008214C4 /* Build configuration list for PBXNativeTarget "13.Clima" */;
			buildPhases = (
				B046E99127BE8CB2008214C4 /* Sources */,
				B046E99227BE8CB2008214C4 /* Frameworks */,
				B046E99327BE8CB2008214C4 /* Resources */,
			);
			buildRules = (
			);
			dependencies = (
			);
			name = 13.Clima;
			productName = 13.Clima;
			productReference = B046E99527BE8CB2008214C4 /* 13.Clima.app */;
			productType = "com.apple.product-type.application";
		};
/* End PBXNativeTarget section */

/* Begin PBXProject section */
		B046E98D27BE8CB2008214C4 /* Project object */ = {
			isa = PBXProject;
			attributes = {
				BuildIndependentTargetsInParallel = 1;
				LastSwiftUpdateCheck = 1310;
				LastUpgradeCheck = 1310;
				TargetAttributes = {
					B046E99427BE8CB2008214C4 = {
						CreatedOnToolsVersion = 13.1;
					};
				};
			};
			buildConfigurationList = B046E99027BE8CB2008214C4 /* Build configuration list for PBXProject "13.Clima" */;
			compatibilityVersion = "Xcode 13.0";
			developmentRegion = en;
			hasScannedForEncodings = 0;
			knownRegions = (
				en,
				Base,
			);
			mainGroup = B046E98C27BE8CB2008214C4;
			productRefGroup = B046E99627BE8CB2008214C4 /* Products */;
			projectDirPath = "";
			projectRoot = "";
			targets = (
				B046E99427BE8CB2008214C4 /* 13.Clima */,
			);
		};
/* End PBXProject section */

/* Begin PBXResourcesBuildPhase section */
		B046E99327BE8CB2008214C4 /* Resources */ = {
			isa = PBXResourcesBuildPhase;
			buildActionMask = 2147483647;
			files = (
				B046E9A527BE8CB2008214C4 /* LaunchScreen.storyboard in Resources */,
				B046E9A227BE8CB2008214C4 /* Assets.xcassets in Resources */,
				B046E9A027BE8CB2008214C4 /* Main.storyboard in Resources */,
			);
			runOnlyForDeploymentPostprocessing = 0;
		};
/* End PBXResourcesBuildPhase section */

/* Begin PBXSourcesBuildPhase section */
		B046E99127BE8CB2008214C4 /* Sources */ = {
			isa = PBXSourcesBuildPhase;
			buildActionMask = 2147483647;
			files = (
				B046E99D27BE8CB2008214C4 /* WeatherViewController.swift in Sources */,
				B01D80EA27BFE497007347CC /* WeatherData.swift in Sources */,
				B046E99927BE8CB2008214C4 /* AppDelegate.swift in Sources */,
				B01D80E827BFB1F2007347CC /* WeatherManager.swift in Sources */,
				B0A2448027C3B1CC008A8456 /* WeatherModel.swift in Sources */,
				B046E99B27BE8CB2008214C4 /* SceneDelegate.swift in Sources */,
			);
			runOnlyForDeploymentPostprocessing = 0;
		};
/* End PBXSourcesBuildPhase section */

/* Begin PBXVariantGroup section */
		B046E99E27BE8CB2008214C4 /* Main.storyboard */ = {
			isa = PBXVariantGroup;
			children = (
				B046E99F27BE8CB2008214C4 /* Base */,
			);
			name = Main.storyboard;
			sourceTree = "<group>";
		};
		B046E9A327BE8CB2008214C4 /* LaunchScreen.storyboard */ = {
			isa = PBXVariantGroup;
			children = (
				B046E9A427BE8CB2008214C4 /* Base */,
			);
			name = LaunchScreen.storyboard;
			sourceTree = "<group>";
		};
/* End PBXVariantGroup section */

/* Begin XCBuildConfiguration section */
		B046E9A727BE8CB2008214C4 /* Debug */ = {
			isa = XCBuildConfiguration;
			buildSettings = {
				ALWAYS_SEARCH_USER_PATHS = NO;
				CLANG_ANALYZER_NONNULL = YES;
				CLANG_ANALYZER_NUMBER_OBJECT_CONVERSION = YES_AGGRESSIVE;
				CLANG_CXX_LANGUAGE_STANDARD = "gnu++17";
				CLANG_CXX_LIBRARY = "libc++";
				CLANG_ENABLE_MODULES = YES;
				CLANG_ENABLE_OBJC_ARC = YES;
				CLANG_ENABLE_OBJC_WEAK = YES;
				CLANG_WARN_BLOCK_CAPTURE_AUTORELEASING = YES;
				CLANG_WARN_BOOL_CONVERSION = YES;
				CLANG_WARN_COMMA = YES;
				CLANG_WARN_CONSTANT_CONVERSION = YES;
				CLANG_WARN_DEPRECATED_OBJC_IMPLEMENTATIONS = YES;
				CLANG_WARN_DIRECT_OBJC_ISA_USAGE = YES_ERROR;
				CLANG_WARN_DOCUMENTATION_COMMENTS = YES;
				CLANG_WARN_EMPTY_BODY = YES;
				CLANG_WARN_ENUM_CONVERSION = YES;
				CLANG_WARN_INFINITE_RECURSION = YES;
				CLANG_WARN_INT_CONVERSION = YES;
				CLANG_WARN_NON_LITERAL_NULL_CONVERSION = YES;
				CLANG_WARN_OBJC_IMPLICIT_RETAIN_SELF = YES;
				CLANG_WARN_OBJC_LITERAL_CONVERSION = YES;
				CLANG_WARN_OBJC_ROOT_CLASS = YES_ERROR;
				CLANG_WARN_QUOTED_INCLUDE_IN_FRAMEWORK_HEADER = YES;
				CLANG_WARN_RANGE_LOOP_ANALYSIS = YES;
				CLANG_WARN_STRICT_PROTOTYPES = YES;
				CLANG_WARN_SUSPICIOUS_MOVE = YES;
				CLANG_WARN_UNGUARDED_AVAILABILITY = YES_AGGRESSIVE;
				CLANG_WARN_UNREACHABLE_CODE = YES;
				CLANG_WARN__DUPLICATE_METHOD_MATCH = YES;
				COPY_PHASE_STRIP = NO;
				DEBUG_INFORMATION_FORMAT = dwarf;
				ENABLE_STRICT_OBJC_MSGSEND = YES;
				ENABLE_TESTABILITY = YES;
				GCC_C_LANGUAGE_STANDARD = gnu11;
				GCC_DYNAMIC_NO_PIC = NO;
				GCC_NO_COMMON_BLOCKS = YES;
				GCC_OPTIMIZATION_LEVEL = 0;
				GCC_PREPROCESSOR_DEFINITIONS = (
					"DEBUG=1",
					"$(inherited)",
				);
				GCC_WARN_64_TO_32_BIT_CONVERSION = YES;
				GCC_WARN_ABOUT_RETURN_TYPE = YES_ERROR;
				GCC_WARN_UNDECLARED_SELECTOR = YES;
				GCC_WARN_UNINITIALIZED_AUTOS = YES_AGGRESSIVE;
				GCC_WARN_UNUSED_FUNCTION = YES;
				GCC_WARN_UNUSED_VARIABLE = YES;
				IPHONEOS_DEPLOYMENT_TARGET = 15.0;
				MTL_ENABLE_DEBUG_INFO = INCLUDE_SOURCE;
				MTL_FAST_MATH = YES;
				ONLY_ACTIVE_ARCH = YES;
				SDKROOT = iphoneos;
				SWIFT_ACTIVE_COMPILATION_CONDITIONS = DEBUG;
				SWIFT_OPTIMIZATION_LEVEL = "-Onone";
			};
			name = Debug;
		};
		B046E9A827BE8CB2008214C4 /* Release */ = {
			isa = XCBuildConfiguration;
			buildSettings = {
				ALWAYS_SEARCH_USER_PATHS = NO;
				CLANG_ANALYZER_NONNULL = YES;
				CLANG_ANALYZER_NUMBER_OBJECT_CONVERSION = YES_AGGRESSIVE;
				CLANG_CXX_LANGUAGE_STANDARD = "gnu++17";
				CLANG_CXX_LIBRARY = "libc++";
				CLANG_ENABLE_MODULES = YES;
				CLANG_ENABLE_OBJC_ARC = YES;
				CLANG_ENABLE_OBJC_WEAK = YES;
				CLANG_WARN_BLOCK_CAPTURE_AUTORELEASING = YES;
				CLANG_WARN_BOOL_CONVERSION = YES;
				CLANG_WARN_COMMA = YES;
				CLANG_WARN_CONSTANT_CONVERSION = YES;
				CLANG_WARN_DEPRECATED_OBJC_IMPLEMENTATIONS = YES;
				CLANG_WARN_DIRECT_OBJC_ISA_USAGE = YES_ERROR;
				CLANG_WARN_DOCUMENTATION_COMMENTS = YES;
				CLANG_WARN_EMPTY_BODY = YES;
				CLANG_WARN_ENUM_CONVERSION = YES;
				CLANG_WARN_INFINITE_RECURSION = YES;
				CLANG_WARN_INT_CONVERSION = YES;
				CLANG_WARN_NON_LITERAL_NULL_CONVERSION = YES;
				CLANG_WARN_OBJC_IMPLICIT_RETAIN_SELF = YES;
				CLANG_WARN_OBJC_LITERAL_CONVERSION = YES;
				CLANG_WARN_OBJC_ROOT_CLASS = YES_ERROR;
				CLANG_WARN_QUOTED_INCLUDE_IN_FRAMEWORK_HEADER = YES;
				CLANG_WARN_RANGE_LOOP_ANALYSIS = YES;
				CLANG_WARN_STRICT_PROTOTYPES = YES;
				CLANG_WARN_SUSPICIOUS_MOVE = YES;
				CLANG_WARN_UNGUARDED_AVAILABILITY = YES_AGGRESSIVE;
				CLANG_WARN_UNREACHABLE_CODE = YES;
				CLANG_WARN__DUPLICATE_METHOD_MATCH = YES;
				COPY_PHASE_STRIP = NO;
				DEBUG_INFORMATION_FORMAT = "dwarf-with-dsym";
				ENABLE_NS_ASSERTIONS = NO;
				ENABLE_STRICT_OBJC_MSGSEND = YES;
				GCC_C_LANGUAGE_STANDARD = gnu11;
				GCC_NO_COMMON_BLOCKS = YES;
				GCC_WARN_64_TO_32_BIT_CONVERSION = YES;
				GCC_WARN_ABOUT_RETURN_TYPE = YES_ERROR;
				GCC_WARN_UNDECLARED_SELECTOR = YES;
				GCC_WARN_UNINITIALIZED_AUTOS = YES_AGGRESSIVE;
				GCC_WARN_UNUSED_FUNCTION = YES;
				GCC_WARN_UNUSED_VARIABLE = YES;
				IPHONEOS_DEPLOYMENT_TARGET = 15.0;
				MTL_ENABLE_DEBUG_INFO = NO;
				MTL_FAST_MATH = YES;
				SDKROOT = iphoneos;
				SWIFT_COMPILATION_MODE = wholemodule;
				SWIFT_OPTIMIZATION_LEVEL = "-O";
				VALIDATE_PRODUCT = YES;
			};
			name = Release;
		};
		B046E9AA27BE8CB2008214C4 /* Debug */ = {
			isa = XCBuildConfiguration;
			buildSettings = {
				ASSETCATALOG_COMPILER_APPICON_NAME = AppIcon;
				ASSETCATALOG_COMPILER_GLOBAL_ACCENT_COLOR_NAME = AccentColor;
				CODE_SIGN_STYLE = Automatic;
				CURRENT_PROJECT_VERSION = 1;
				DEVELOPMENT_TEAM = X358X4364S;
				GENERATE_INFOPLIST_FILE = YES;
				INFOPLIST_FILE = 13.Clima/Info.plist;
				INFOPLIST_KEY_UIApplicationSupportsIndirectInputEvents = YES;
				INFOPLIST_KEY_UILaunchStoryboardName = LaunchScreen;
				INFOPLIST_KEY_UIMainStoryboardFile = Main;
				INFOPLIST_KEY_UISupportedInterfaceOrientations_iPad = "UIInterfaceOrientationPortrait UIInterfaceOrientationPortraitUpsideDown UIInterfaceOrientationLandscapeLeft UIInterfaceOrientationLandscapeRight";
				INFOPLIST_KEY_UISupportedInterfaceOrientations_iPhone = "UIInterfaceOrientationPortrait UIInterfaceOrientationLandscapeLeft UIInterfaceOrientationLandscapeRight";
				LD_RUNPATH_SEARCH_PATHS = (
					"$(inherited)",
					"@executable_path/Frameworks",
				);
				MARKETING_VERSION = 1.0;
				PRODUCT_BUNDLE_IDENTIFIER = "Oleksandr-Kachkin.-3-Clima";
				PRODUCT_NAME = "$(TARGET_NAME)";
				SWIFT_EMIT_LOC_STRINGS = YES;
				SWIFT_VERSION = 5.0;
				TARGETED_DEVICE_FAMILY = "1,2";
			};
			name = Debug;
		};
		B046E9AB27BE8CB2008214C4 /* Release */ = {
			isa = XCBuildConfiguration;
			buildSettings = {
				ASSETCATALOG_COMPILER_APPICON_NAME = AppIcon;
				ASSETCATALOG_COMPILER_GLOBAL_ACCENT_COLOR_NAME = AccentColor;
				CODE_SIGN_STYLE = Automatic;
				CURRENT_PROJECT_VERSION = 1;
				DEVELOPMENT_TEAM = X358X4364S;
				GENERATE_INFOPLIST_FILE = YES;
				INFOPLIST_FILE = 13.Clima/Info.plist;
				INFOPLIST_KEY_UIApplicationSupportsIndirectInputEvents = YES;
				INFOPLIST_KEY_UILaunchStoryboardName = LaunchScreen;
				INFOPLIST_KEY_UIMainStoryboardFile = Main;
				INFOPLIST_KEY_UISupportedInterfaceOrientations_iPad = "UIInterfaceOrientationPortrait UIInterfaceOrientationPortraitUpsideDown UIInterfaceOrientationLandscapeLeft UIInterfaceOrientationLandscapeRight";
				INFOPLIST_KEY_UISupportedInterfaceOrientations_iPhone = "UIInterfaceOrientationPortrait UIInterfaceOrientationLandscapeLeft UIInterfaceOrientationLandscapeRight";
				LD_RUNPATH_SEARCH_PATHS = (
					"$(inherited)",
					"@executable_path/Frameworks",
				);
				MARKETING_VERSION = 1.0;
				PRODUCT_BUNDLE_IDENTIFIER = "Oleksandr-Kachkin.-3-Clima";
				PRODUCT_NAME = "$(TARGET_NAME)";
				SWIFT_EMIT_LOC_STRINGS = YES;
				SWIFT_VERSION = 5.0;
				TARGETED_DEVICE_FAMILY = "1,2";
			};
			name = Release;
		};
/* End XCBuildConfiguration section */

/* Begin XCConfigurationList section */
		B046E99027BE8CB2008214C4 /* Build configuration list for PBXProject "13.Clima" */ = {
			isa = XCConfigurationList;
			buildConfigurations = (
				B046E9A727BE8CB2008214C4 /* Debug */,
				B046E9A827BE8CB2008214C4 /* Release */,
			);
			defaultConfigurationIsVisible = 0;
			defaultConfigurationName = Release;
		};
		B046E9A927BE8CB2008214C4 /* Build configuration list for PBXNativeTarget "13.Clima" */ = {
			isa = XCConfigurationList;
			buildConfigurations = (
				B046E9AA27BE8CB2008214C4 /* Debug */,
				B046E9AB27BE8CB2008214C4 /* Release */,
			);
			defaultConfigurationIsVisible = 0;
			defaultConfigurationName = Release;
		};
/* End XCConfigurationList section */
	};
	rootObject = B046E98D27BE8CB2008214C4 /* Project object */;
}
