// !$*UTF8*$!
{
	archiveVersion = 1;
	classes = {
	};
	objectVersion = 55;
	objects = {

/* Begin PBXBuildFile section */
		B082724727F86CAE006C463A /* DataModel.xcdatamodeld in Sources */ = {isa = PBXBuildFile; fileRef = B082724527F86CAE006C463A /* DataModel.xcdatamodeld */; };
		B082724927FB04AD006C463A /* CategoryViewController.swift in Sources */ = {isa = PBXBuildFile; fileRef = B082724827FB04AD006C463A /* CategoryViewController.swift */; };
		B092B0AD27F3439C008CC53A /* AppDelegate.swift in Sources */ = {isa = PBXBuildFile; fileRef = B092B0AC27F3439C008CC53A /* AppDelegate.swift */; };
		B092B0AF27F3439C008CC53A /* SceneDelegate.swift in Sources */ = {isa = PBXBuildFile; fileRef = B092B0AE27F3439C008CC53A /* SceneDelegate.swift */; };
		B092B0B127F3439C008CC53A /* TodoListViewController.swift in Sources */ = {isa = PBXBuildFile; fileRef = B092B0B027F3439C008CC53A /* TodoListViewController.swift */; };
		B092B0B427F3439C008CC53A /* Main.storyboard in Resources */ = {isa = PBXBuildFile; fileRef = B092B0B227F3439C008CC53A /* Main.storyboard */; };
		B092B0B627F3439E008CC53A /* Assets.xcassets in Resources */ = {isa = PBXBuildFile; fileRef = B092B0B527F3439E008CC53A /* Assets.xcassets */; };
		B092B0B927F3439E008CC53A /* LaunchScreen.storyboard in Resources */ = {isa = PBXBuildFile; fileRef = B092B0B727F3439E008CC53A /* LaunchScreen.storyboard */; };
/* End PBXBuildFile section */

/* Begin PBXFileReference section */
		B082724627F86CAE006C463A /* DataModel.xcdatamodel */ = {isa = PBXFileReference; lastKnownFileType = wrapper.xcdatamodel; path = DataModel.xcdatamodel; sourceTree = "<group>"; };
		B082724827FB04AD006C463A /* CategoryViewController.swift */ = {isa = PBXFileReference; lastKnownFileType = sourcecode.swift; path = CategoryViewController.swift; sourceTree = "<group>"; };
		B092B0A927F3439C008CC53A /* 19.Todoey.app */ = {isa = PBXFileReference; explicitFileType = wrapper.application; includeInIndex = 0; path = 19.Todoey.app; sourceTree = BUILT_PRODUCTS_DIR; };
		B092B0AC27F3439C008CC53A /* AppDelegate.swift */ = {isa = PBXFileReference; lastKnownFileType = sourcecode.swift; path = AppDelegate.swift; sourceTree = "<group>"; };
		B092B0AE27F3439C008CC53A /* SceneDelegate.swift */ = {isa = PBXFileReference; lastKnownFileType = sourcecode.swift; path = SceneDelegate.swift; sourceTree = "<group>"; };
		B092B0B027F3439C008CC53A /* TodoListViewController.swift */ = {isa = PBXFileReference; lastKnownFileType = sourcecode.swift; path = TodoListViewController.swift; sourceTree = "<group>"; };
		B092B0B327F3439C008CC53A /* Base */ = {isa = PBXFileReference; lastKnownFileType = file.storyboard; name = Base; path = Base.lproj/Main.storyboard; sourceTree = "<group>"; };
		B092B0B527F3439E008CC53A /* Assets.xcassets */ = {isa = PBXFileReference; lastKnownFileType = folder.assetcatalog; path = Assets.xcassets; sourceTree = "<group>"; };
		B092B0B827F3439E008CC53A /* Base */ = {isa = PBXFileReference; lastKnownFileType = file.storyboard; name = Base; path = Base.lproj/LaunchScreen.storyboard; sourceTree = "<group>"; };
		B092B0BA27F3439E008CC53A /* Info.plist */ = {isa = PBXFileReference; lastKnownFileType = text.plist.xml; path = Info.plist; sourceTree = "<group>"; };
/* End PBXFileReference section */

/* Begin PBXFrameworksBuildPhase section */
		B092B0A627F3439C008CC53A /* Frameworks */ = {
			isa = PBXFrameworksBuildPhase;
			buildActionMask = 2147483647;
			files = (
			);
			runOnlyForDeploymentPostprocessing = 0;
		};
/* End PBXFrameworksBuildPhase section */

/* Begin PBXGroup section */
		B082721E27F5CF14006C463A /* Data Model */ = {
			isa = PBXGroup;
			children = (
				B082724527F86CAE006C463A /* DataModel.xcdatamodeld */,
			);
			path = "Data Model";
			sourceTree = "<group>";
		};
		B082721F27F5CF2E006C463A /* Views */ = {
			isa = PBXGroup;
			children = (
				B092B0B227F3439C008CC53A /* Main.storyboard */,
			);
			path = Views;
			sourceTree = "<group>";
		};
		B082722027F5CF36006C463A /* Controllers */ = {
			isa = PBXGroup;
			children = (
				B082724827FB04AD006C463A /* CategoryViewController.swift */,
				B092B0B027F3439C008CC53A /* TodoListViewController.swift */,
			);
			path = Controllers;
			sourceTree = "<group>";
		};
		B082722127F5CF59006C463A /* Supporting Files */ = {
			isa = PBXGroup;
			children = (
				B092B0B527F3439E008CC53A /* Assets.xcassets */,
				B092B0B727F3439E008CC53A /* LaunchScreen.storyboard */,
			);
			path = "Supporting Files";
			sourceTree = "<group>";
		};
		B092B0A027F3439C008CC53A = {
			isa = PBXGroup;
			children = (
				B092B0AB27F3439C008CC53A /* 19.Todoey */,
				B092B0AA27F3439C008CC53A /* Products */,
			);
			sourceTree = "<group>";
		};
		B092B0AA27F3439C008CC53A /* Products */ = {
			isa = PBXGroup;
			children = (
				B092B0A927F3439C008CC53A /* 19.Todoey.app */,
			);
			name = Products;
			sourceTree = "<group>";
		};
		B092B0AB27F3439C008CC53A /* 19.Todoey */ = {
			isa = PBXGroup;
			children = (
				B092B0AC27F3439C008CC53A /* AppDelegate.swift */,
				B092B0AE27F3439C008CC53A /* SceneDelegate.swift */,
				B082722027F5CF36006C463A /* Controllers */,
				B082721E27F5CF14006C463A /* Data Model */,
				B082721F27F5CF2E006C463A /* Views */,
				B082722127F5CF59006C463A /* Supporting Files */,
				B092B0BA27F3439E008CC53A /* Info.plist */,
			);
			path = 19.Todoey;
			sourceTree = "<group>";
		};
/* End PBXGroup section */

/* Begin PBXNativeTarget section */
		B092B0A827F3439C008CC53A /* 19.Todoey */ = {
			isa = PBXNativeTarget;
			buildConfigurationList = B092B0BD27F3439E008CC53A /* Build configuration list for PBXNativeTarget "19.Todoey" */;
			buildPhases = (
				B092B0A527F3439C008CC53A /* Sources */,
				B092B0A627F3439C008CC53A /* Frameworks */,
				B092B0A727F3439C008CC53A /* Resources */,
			);
			buildRules = (
			);
			dependencies = (
			);
			name = 19.Todoey;
			productName = 19.Todoey;
			productReference = B092B0A927F3439C008CC53A /* 19.Todoey.app */;
			productType = "com.apple.product-type.application";
		};
/* End PBXNativeTarget section */

/* Begin PBXProject section */
		B092B0A127F3439C008CC53A /* Project object */ = {
			isa = PBXProject;
			attributes = {
				BuildIndependentTargetsInParallel = 1;
				LastSwiftUpdateCheck = 1330;
				LastUpgradeCheck = 1330;
				TargetAttributes = {
					B092B0A827F3439C008CC53A = {
						CreatedOnToolsVersion = 13.3;
					};
				};
			};
			buildConfigurationList = B092B0A427F3439C008CC53A /* Build configuration list for PBXProject "19.Todoey" */;
			compatibilityVersion = "Xcode 13.0";
			developmentRegion = en;
			hasScannedForEncodings = 0;
			knownRegions = (
				en,
				Base,
			);
			mainGroup = B092B0A027F3439C008CC53A;
			productRefGroup = B092B0AA27F3439C008CC53A /* Products */;
			projectDirPath = "";
			projectRoot = "";
			targets = (
				B092B0A827F3439C008CC53A /* 19.Todoey */,
			);
		};
/* End PBXProject section */

/* Begin PBXResourcesBuildPhase section */
		B092B0A727F3439C008CC53A /* Resources */ = {
			isa = PBXResourcesBuildPhase;
			buildActionMask = 2147483647;
			files = (
				B092B0B927F3439E008CC53A /* LaunchScreen.storyboard in Resources */,
				B092B0B627F3439E008CC53A /* Assets.xcassets in Resources */,
				B092B0B427F3439C008CC53A /* Main.storyboard in Resources */,
			);
			runOnlyForDeploymentPostprocessing = 0;
		};
/* End PBXResourcesBuildPhase section */

/* Begin PBXSourcesBuildPhase section */
		B092B0A527F3439C008CC53A /* Sources */ = {
			isa = PBXSourcesBuildPhase;
			buildActionMask = 2147483647;
			files = (
				B082724927FB04AD006C463A /* CategoryViewController.swift in Sources */,
				B092B0B127F3439C008CC53A /* TodoListViewController.swift in Sources */,
				B082724727F86CAE006C463A /* DataModel.xcdatamodeld in Sources */,
				B092B0AD27F3439C008CC53A /* AppDelegate.swift in Sources */,
				B092B0AF27F3439C008CC53A /* SceneDelegate.swift in Sources */,
			);
			runOnlyForDeploymentPostprocessing = 0;
		};
/* End PBXSourcesBuildPhase section */

/* Begin PBXVariantGroup section */
		B092B0B227F3439C008CC53A /* Main.storyboard */ = {
			isa = PBXVariantGroup;
			children = (
				B092B0B327F3439C008CC53A /* Base */,
			);
			name = Main.storyboard;
			sourceTree = "<group>";
		};
		B092B0B727F3439E008CC53A /* LaunchScreen.storyboard */ = {
			isa = PBXVariantGroup;
			children = (
				B092B0B827F3439E008CC53A /* Base */,
			);
			name = LaunchScreen.storyboard;
			sourceTree = "<group>";
		};
/* End PBXVariantGroup section */

/* Begin XCBuildConfiguration section */
		B092B0BB27F3439E008CC53A /* Debug */ = {
			isa = XCBuildConfiguration;
			buildSettings = {
				ALWAYS_SEARCH_USER_PATHS = NO;
				CLANG_ANALYZER_NONNULL = YES;
				CLANG_ANALYZER_NUMBER_OBJECT_CONVERSION = YES_AGGRESSIVE;
				CLANG_CXX_LANGUAGE_STANDARD = "gnu++17";
				CLANG_ENABLE_MODULES = YES;
				CLANG_ENABLE_OBJC_ARC = YES;
				CLANG_ENABLE_OBJC_WEAK = YES;
				CLANG_WARN_BLOCK_CAPTURE_AUTORELEASING = YES;
				CLANG_WARN_BOOL_CONVERSION = YES;
				CLANG_WARN_COMMA = YES;
				CLANG_WARN_CONSTANT_CONVERSION = YES;
				CLANG_WARN_DEPRECATED_OBJC_IMPLEMENTATIONS = YES;
				CLANG_WARN_DIRECT_OBJC_ISA_USAGE = YES_ERROR;
				CLANG_WARN_DOCUMENTATION_COMMENTS = YES;
				CLANG_WARN_EMPTY_BODY = YES;
				CLANG_WARN_ENUM_CONVERSION = YES;
				CLANG_WARN_INFINITE_RECURSION = YES;
				CLANG_WARN_INT_CONVERSION = YES;
				CLANG_WARN_NON_LITERAL_NULL_CONVERSION = YES;
				CLANG_WARN_OBJC_IMPLICIT_RETAIN_SELF = YES;
				CLANG_WARN_OBJC_LITERAL_CONVERSION = YES;
				CLANG_WARN_OBJC_ROOT_CLASS = YES_ERROR;
				CLANG_WARN_QUOTED_INCLUDE_IN_FRAMEWORK_HEADER = YES;
				CLANG_WARN_RANGE_LOOP_ANALYSIS = YES;
				CLANG_WARN_STRICT_PROTOTYPES = YES;
				CLANG_WARN_SUSPICIOUS_MOVE = YES;
				CLANG_WARN_UNGUARDED_AVAILABILITY = YES_AGGRESSIVE;
				CLANG_WARN_UNREACHABLE_CODE = YES;
				CLANG_WARN__DUPLICATE_METHOD_MATCH = YES;
				COPY_PHASE_STRIP = NO;
				DEBUG_INFORMATION_FORMAT = dwarf;
				ENABLE_STRICT_OBJC_MSGSEND = YES;
				ENABLE_TESTABILITY = YES;
				GCC_C_LANGUAGE_STANDARD = gnu11;
				GCC_DYNAMIC_NO_PIC = NO;
				GCC_NO_COMMON_BLOCKS = YES;
				GCC_OPTIMIZATION_LEVEL = 0;
				GCC_PREPROCESSOR_DEFINITIONS = (
					"DEBUG=1",
					"$(inherited)",
				);
				GCC_WARN_64_TO_32_BIT_CONVERSION = YES;
				GCC_WARN_ABOUT_RETURN_TYPE = YES_ERROR;
				GCC_WARN_UNDECLARED_SELECTOR = YES;
				GCC_WARN_UNINITIALIZED_AUTOS = YES_AGGRESSIVE;
				GCC_WARN_UNUSED_FUNCTION = YES;
				GCC_WARN_UNUSED_VARIABLE = YES;
				IPHONEOS_DEPLOYMENT_TARGET = 15.4;
				MTL_ENABLE_DEBUG_INFO = INCLUDE_SOURCE;
				MTL_FAST_MATH = YES;
				ONLY_ACTIVE_ARCH = YES;
				SDKROOT = iphoneos;
				SWIFT_ACTIVE_COMPILATION_CONDITIONS = DEBUG;
				SWIFT_OPTIMIZATION_LEVEL = "-Onone";
			};
			name = Debug;
		};
		B092B0BC27F3439E008CC53A /* Release */ = {
			isa = XCBuildConfiguration;
			buildSettings = {
				ALWAYS_SEARCH_USER_PATHS = NO;
				CLANG_ANALYZER_NONNULL = YES;
				CLANG_ANALYZER_NUMBER_OBJECT_CONVERSION = YES_AGGRESSIVE;
				CLANG_CXX_LANGUAGE_STANDARD = "gnu++17";
				CLANG_ENABLE_MODULES = YES;
				CLANG_ENABLE_OBJC_ARC = YES;
				CLANG_ENABLE_OBJC_WEAK = YES;
				CLANG_WARN_BLOCK_CAPTURE_AUTORELEASING = YES;
				CLANG_WARN_BOOL_CONVERSION = YES;
				CLANG_WARN_COMMA = YES;
				CLANG_WARN_CONSTANT_CONVERSION = YES;
				CLANG_WARN_DEPRECATED_OBJC_IMPLEMENTATIONS = YES;
				CLANG_WARN_DIRECT_OBJC_ISA_USAGE = YES_ERROR;
				CLANG_WARN_DOCUMENTATION_COMMENTS = YES;
				CLANG_WARN_EMPTY_BODY = YES;
				CLANG_WARN_ENUM_CONVERSION = YES;
				CLANG_WARN_INFINITE_RECURSION = YES;
				CLANG_WARN_INT_CONVERSION = YES;
				CLANG_WARN_NON_LITERAL_NULL_CONVERSION = YES;
				CLANG_WARN_OBJC_IMPLICIT_RETAIN_SELF = YES;
				CLANG_WARN_OBJC_LITERAL_CONVERSION = YES;
				CLANG_WARN_OBJC_ROOT_CLASS = YES_ERROR;
				CLANG_WARN_QUOTED_INCLUDE_IN_FRAMEWORK_HEADER = YES;
				CLANG_WARN_RANGE_LOOP_ANALYSIS = YES;
				CLANG_WARN_STRICT_PROTOTYPES = YES;
				CLANG_WARN_SUSPICIOUS_MOVE = YES;
				CLANG_WARN_UNGUARDED_AVAILABILITY = YES_AGGRESSIVE;
				CLANG_WARN_UNREACHABLE_CODE = YES;
				CLANG_WARN__DUPLICATE_METHOD_MATCH = YES;
				COPY_PHASE_STRIP = NO;
				DEBUG_INFORMATION_FORMAT = "dwarf-with-dsym";
				ENABLE_NS_ASSERTIONS = NO;
				ENABLE_STRICT_OBJC_MSGSEND = YES;
				GCC_C_LANGUAGE_STANDARD = gnu11;
				GCC_NO_COMMON_BLOCKS = YES;
				GCC_WARN_64_TO_32_BIT_CONVERSION = YES;
				GCC_WARN_ABOUT_RETURN_TYPE = YES_ERROR;
				GCC_WARN_UNDECLARED_SELECTOR = YES;
				GCC_WARN_UNINITIALIZED_AUTOS = YES_AGGRESSIVE;
				GCC_WARN_UNUSED_FUNCTION = YES;
				GCC_WARN_UNUSED_VARIABLE = YES;
				IPHONEOS_DEPLOYMENT_TARGET = 15.4;
				MTL_ENABLE_DEBUG_INFO = NO;
				MTL_FAST_MATH = YES;
				SDKROOT = iphoneos;
				SWIFT_COMPILATION_MODE = wholemodule;
				SWIFT_OPTIMIZATION_LEVEL = "-O";
				VALIDATE_PRODUCT = YES;
			};
			name = Release;
		};
		B092B0BE27F3439E008CC53A /* Debug */ = {
			isa = XCBuildConfiguration;
			buildSettings = {
				ASSETCATALOG_COMPILER_APPICON_NAME = AppIcon;
				ASSETCATALOG_COMPILER_GLOBAL_ACCENT_COLOR_NAME = AccentColor;
				CODE_SIGN_STYLE = Automatic;
				CURRENT_PROJECT_VERSION = 1;
				DEVELOPMENT_TEAM = X358X4364S;
				GENERATE_INFOPLIST_FILE = YES;
				INFOPLIST_FILE = 19.Todoey/Info.plist;
				INFOPLIST_KEY_UIApplicationSupportsIndirectInputEvents = YES;
				INFOPLIST_KEY_UILaunchStoryboardName = LaunchScreen;
				INFOPLIST_KEY_UIMainStoryboardFile = Main;
				INFOPLIST_KEY_UISupportedInterfaceOrientations = UIInterfaceOrientationPortrait;
				INFOPLIST_KEY_UISupportedInterfaceOrientations_iPad = "UIInterfaceOrientationPortrait UIInterfaceOrientationPortraitUpsideDown UIInterfaceOrientationLandscapeLeft UIInterfaceOrientationLandscapeRight";
				INFOPLIST_KEY_UISupportedInterfaceOrientations_iPhone = "UIInterfaceOrientationPortrait UIInterfaceOrientationLandscapeLeft UIInterfaceOrientationLandscapeRight";
				LD_RUNPATH_SEARCH_PATHS = (
					"$(inherited)",
					"@executable_path/Frameworks",
				);
				MARKETING_VERSION = 1.0;
				PRODUCT_BUNDLE_IDENTIFIER = "Oleksandr-Kachkin.-9-Todoey";
				PRODUCT_NAME = "$(TARGET_NAME)";
				SWIFT_EMIT_LOC_STRINGS = YES;
				SWIFT_VERSION = 5.0;
				TARGETED_DEVICE_FAMILY = "1,2";
			};
			name = Debug;
		};
		B092B0BF27F3439E008CC53A /* Release */ = {
			isa = XCBuildConfiguration;
			buildSettings = {
				ASSETCATALOG_COMPILER_APPICON_NAME = AppIcon;
				ASSETCATALOG_COMPILER_GLOBAL_ACCENT_COLOR_NAME = AccentColor;
				CODE_SIGN_STYLE = Automatic;
				CURRENT_PROJECT_VERSION = 1;
				DEVELOPMENT_TEAM = X358X4364S;
				GENERATE_INFOPLIST_FILE = YES;
				INFOPLIST_FILE = 19.Todoey/Info.plist;
				INFOPLIST_KEY_UIApplicationSupportsIndirectInputEvents = YES;
				INFOPLIST_KEY_UILaunchStoryboardName = LaunchScreen;
				INFOPLIST_KEY_UIMainStoryboardFile = Main;
				INFOPLIST_KEY_UISupportedInterfaceOrientations = UIInterfaceOrientationPortrait;
				INFOPLIST_KEY_UISupportedInterfaceOrientations_iPad = "UIInterfaceOrientationPortrait UIInterfaceOrientationPortraitUpsideDown UIInterfaceOrientationLandscapeLeft UIInterfaceOrientationLandscapeRight";
				INFOPLIST_KEY_UISupportedInterfaceOrientations_iPhone = "UIInterfaceOrientationPortrait UIInterfaceOrientationLandscapeLeft UIInterfaceOrientationLandscapeRight";
				LD_RUNPATH_SEARCH_PATHS = (
					"$(inherited)",
					"@executable_path/Frameworks",
				);
				MARKETING_VERSION = 1.0;
				PRODUCT_BUNDLE_IDENTIFIER = "Oleksandr-Kachkin.-9-Todoey";
				PRODUCT_NAME = "$(TARGET_NAME)";
				SWIFT_EMIT_LOC_STRINGS = YES;
				SWIFT_VERSION = 5.0;
				TARGETED_DEVICE_FAMILY = "1,2";
			};
			name = Release;
		};
/* End XCBuildConfiguration section */

/* Begin XCConfigurationList section */
		B092B0A427F3439C008CC53A /* Build configuration list for PBXProject "19.Todoey" */ = {
			isa = XCConfigurationList;
			buildConfigurations = (
				B092B0BB27F3439E008CC53A /* Debug */,
				B092B0BC27F3439E008CC53A /* Release */,
			);
			defaultConfigurationIsVisible = 0;
			defaultConfigurationName = Release;
		};
		B092B0BD27F3439E008CC53A /* Build configuration list for PBXNativeTarget "19.Todoey" */ = {
			isa = XCConfigurationList;
			buildConfigurations = (
				B092B0BE27F3439E008CC53A /* Debug */,
				B092B0BF27F3439E008CC53A /* Release */,
			);
			defaultConfigurationIsVisible = 0;
			defaultConfigurationName = Release;
		};
/* End XCConfigurationList section */

/* Begin XCVersionGroup section */
		B082724527F86CAE006C463A /* DataModel.xcdatamodeld */ = {
			isa = XCVersionGroup;
			children = (
				B082724627F86CAE006C463A /* DataModel.xcdatamodel */,
			);
			currentVersion = B082724627F86CAE006C463A /* DataModel.xcdatamodel */;
			path = DataModel.xcdatamodeld;
			sourceTree = "<group>";
			versionGroupType = wrapper.xcdatamodel;
		};
/* End XCVersionGroup section */
	};
	rootObject = B092B0A127F3439C008CC53A /* Project object */;
}
