// !$*UTF8*$!
{
	archiveVersion = 1;
	classes = {
	};
	objectVersion = 55;
	objects = {

/* Begin PBXBuildFile section */
		B00217FE27B26FDE005B7682 /* AppDelegate.swift in Sources */ = {isa = PBXBuildFile; fileRef = B00217FD27B26FDE005B7682 /* AppDelegate.swift */; };
		B002180027B26FDE005B7682 /* SceneDelegate.swift in Sources */ = {isa = PBXBuildFile; fileRef = B00217FF27B26FDE005B7682 /* SceneDelegate.swift */; };
		B002180227B26FDE005B7682 /* ViewController.swift in Sources */ = {isa = PBXBuildFile; fileRef = B002180127B26FDE005B7682 /* ViewController.swift */; };
		B002180527B26FDE005B7682 /* Main.storyboard in Resources */ = {isa = PBXBuildFile; fileRef = B002180327B26FDE005B7682 /* Main.storyboard */; };
		B002180727B26FDE005B7682 /* Assets.xcassets in Resources */ = {isa = PBXBuildFile; fileRef = B002180627B26FDE005B7682 /* Assets.xcassets */; };
		B002180A27B26FDE005B7682 /* LaunchScreen.storyboard in Resources */ = {isa = PBXBuildFile; fileRef = B002180827B26FDE005B7682 /* LaunchScreen.storyboard */; };
		B002181227B2969B005B7682 /* Question.swift in Sources */ = {isa = PBXBuildFile; fileRef = B002181127B2969B005B7682 /* Question.swift */; };
		B013500327B3CA2700112ADB /* QuizBrain.swift in Sources */ = {isa = PBXBuildFile; fileRef = B013500227B3CA2700112ADB /* QuizBrain.swift */; };
/* End PBXBuildFile section */

/* Begin PBXFileReference section */
		B00217FA27B26FDE005B7682 /* 08.Quizzler-iOS13.app */ = {isa = PBXFileReference; explicitFileType = wrapper.application; includeInIndex = 0; path = "08.Quizzler-iOS13.app"; sourceTree = BUILT_PRODUCTS_DIR; };
		B00217FD27B26FDE005B7682 /* AppDelegate.swift */ = {isa = PBXFileReference; lastKnownFileType = sourcecode.swift; path = AppDelegate.swift; sourceTree = "<group>"; };
		B00217FF27B26FDE005B7682 /* SceneDelegate.swift */ = {isa = PBXFileReference; lastKnownFileType = sourcecode.swift; path = SceneDelegate.swift; sourceTree = "<group>"; };
		B002180127B26FDE005B7682 /* ViewController.swift */ = {isa = PBXFileReference; lastKnownFileType = sourcecode.swift; path = ViewController.swift; sourceTree = "<group>"; };
		B002180427B26FDE005B7682 /* Base */ = {isa = PBXFileReference; lastKnownFileType = file.storyboard; name = Base; path = Base.lproj/Main.storyboard; sourceTree = "<group>"; };
		B002180627B26FDE005B7682 /* Assets.xcassets */ = {isa = PBXFileReference; lastKnownFileType = folder.assetcatalog; path = Assets.xcassets; sourceTree = "<group>"; };
		B002180927B26FDE005B7682 /* Base */ = {isa = PBXFileReference; lastKnownFileType = file.storyboard; name = Base; path = Base.lproj/LaunchScreen.storyboard; sourceTree = "<group>"; };
		B002180B27B26FDE005B7682 /* Info.plist */ = {isa = PBXFileReference; lastKnownFileType = text.plist.xml; path = Info.plist; sourceTree = "<group>"; };
		B002181127B2969B005B7682 /* Question.swift */ = {isa = PBXFileReference; lastKnownFileType = sourcecode.swift; path = Question.swift; sourceTree = "<group>"; };
		B013500227B3CA2700112ADB /* QuizBrain.swift */ = {isa = PBXFileReference; lastKnownFileType = sourcecode.swift; path = QuizBrain.swift; sourceTree = "<group>"; };
/* End PBXFileReference section */

/* Begin PBXFrameworksBuildPhase section */
		B00217F727B26FDE005B7682 /* Frameworks */ = {
			isa = PBXFrameworksBuildPhase;
			buildActionMask = 2147483647;
			files = (
			);
			runOnlyForDeploymentPostprocessing = 0;
		};
/* End PBXFrameworksBuildPhase section */

/* Begin PBXGroup section */
		B00217F127B26FDE005B7682 = {
			isa = PBXGroup;
			children = (
				B00217FC27B26FDE005B7682 /* 08.Quizzler-iOS13 */,
				B00217FB27B26FDE005B7682 /* Products */,
			);
			sourceTree = "<group>";
		};
		B00217FB27B26FDE005B7682 /* Products */ = {
			isa = PBXGroup;
			children = (
				B00217FA27B26FDE005B7682 /* 08.Quizzler-iOS13.app */,
			);
			name = Products;
			sourceTree = "<group>";
		};
		B00217FC27B26FDE005B7682 /* 08.Quizzler-iOS13 */ = {
			isa = PBXGroup;
			children = (
				B00217FD27B26FDE005B7682 /* AppDelegate.swift */,
				B00217FF27B26FDE005B7682 /* SceneDelegate.swift */,
				B0134FFF27B3C96A00112ADB /* Model */,
				B013500027B3C98200112ADB /* View */,
				B013500127B3C99C00112ADB /* Controller */,
				B002180627B26FDE005B7682 /* Assets.xcassets */,
				B002180827B26FDE005B7682 /* LaunchScreen.storyboard */,
				B002180B27B26FDE005B7682 /* Info.plist */,
			);
			path = "08.Quizzler-iOS13";
			sourceTree = "<group>";
		};
		B0134FFF27B3C96A00112ADB /* Model */ = {
			isa = PBXGroup;
			children = (
				B002181127B2969B005B7682 /* Question.swift */,
				B013500227B3CA2700112ADB /* QuizBrain.swift */,
			);
			path = Model;
			sourceTree = "<group>";
		};
		B013500027B3C98200112ADB /* View */ = {
			isa = PBXGroup;
			children = (
				B002180327B26FDE005B7682 /* Main.storyboard */,
			);
			path = View;
			sourceTree = "<group>";
		};
		B013500127B3C99C00112ADB /* Controller */ = {
			isa = PBXGroup;
			children = (
				B002180127B26FDE005B7682 /* ViewController.swift */,
			);
			path = Controller;
			sourceTree = "<group>";
		};
/* End PBXGroup section */

/* Begin PBXNativeTarget section */
		B00217F927B26FDE005B7682 /* 08.Quizzler-iOS13 */ = {
			isa = PBXNativeTarget;
			buildConfigurationList = B002180E27B26FDE005B7682 /* Build configuration list for PBXNativeTarget "08.Quizzler-iOS13" */;
			buildPhases = (
				B00217F627B26FDE005B7682 /* Sources */,
				B00217F727B26FDE005B7682 /* Frameworks */,
				B00217F827B26FDE005B7682 /* Resources */,
			);
			buildRules = (
			);
			dependencies = (
			);
			name = "08.Quizzler-iOS13";
			productName = "08.Quizzler-iOS13";
			productReference = B00217FA27B26FDE005B7682 /* 08.Quizzler-iOS13.app */;
			productType = "com.apple.product-type.application";
		};
/* End PBXNativeTarget section */

/* Begin PBXProject section */
		B00217F227B26FDE005B7682 /* Project object */ = {
			isa = PBXProject;
			attributes = {
				BuildIndependentTargetsInParallel = 1;
				LastSwiftUpdateCheck = 1310;
				LastUpgradeCheck = 1310;
				TargetAttributes = {
					B00217F927B26FDE005B7682 = {
						CreatedOnToolsVersion = 13.1;
					};
				};
			};
			buildConfigurationList = B00217F527B26FDE005B7682 /* Build configuration list for PBXProject "08.Quizzler-iOS13" */;
			compatibilityVersion = "Xcode 13.0";
			developmentRegion = en;
			hasScannedForEncodings = 0;
			knownRegions = (
				en,
				Base,
			);
			mainGroup = B00217F127B26FDE005B7682;
			productRefGroup = B00217FB27B26FDE005B7682 /* Products */;
			projectDirPath = "";
			projectRoot = "";
			targets = (
				B00217F927B26FDE005B7682 /* 08.Quizzler-iOS13 */,
			);
		};
/* End PBXProject section */

/* Begin PBXResourcesBuildPhase section */
		B00217F827B26FDE005B7682 /* Resources */ = {
			isa = PBXResourcesBuildPhase;
			buildActionMask = 2147483647;
			files = (
				B002180A27B26FDE005B7682 /* LaunchScreen.storyboard in Resources */,
				B002180727B26FDE005B7682 /* Assets.xcassets in Resources */,
				B002180527B26FDE005B7682 /* Main.storyboard in Resources */,
			);
			runOnlyForDeploymentPostprocessing = 0;
		};
/* End PBXResourcesBuildPhase section */

/* Begin PBXSourcesBuildPhase section */
		B00217F627B26FDE005B7682 /* Sources */ = {
			isa = PBXSourcesBuildPhase;
			buildActionMask = 2147483647;
			files = (
				B013500327B3CA2700112ADB /* QuizBrain.swift in Sources */,
				B002180227B26FDE005B7682 /* ViewController.swift in Sources */,
				B002181227B2969B005B7682 /* Question.swift in Sources */,
				B00217FE27B26FDE005B7682 /* AppDelegate.swift in Sources */,
				B002180027B26FDE005B7682 /* SceneDelegate.swift in Sources */,
			);
			runOnlyForDeploymentPostprocessing = 0;
		};
/* End PBXSourcesBuildPhase section */

/* Begin PBXVariantGroup section */
		B002180327B26FDE005B7682 /* Main.storyboard */ = {
			isa = PBXVariantGroup;
			children = (
				B002180427B26FDE005B7682 /* Base */,
			);
			name = Main.storyboard;
			sourceTree = "<group>";
		};
		B002180827B26FDE005B7682 /* LaunchScreen.storyboard */ = {
			isa = PBXVariantGroup;
			children = (
				B002180927B26FDE005B7682 /* Base */,
			);
			name = LaunchScreen.storyboard;
			sourceTree = "<group>";
		};
/* End PBXVariantGroup section */

/* Begin XCBuildConfiguration section */
		B002180C27B26FDE005B7682 /* Debug */ = {
			isa = XCBuildConfiguration;
			buildSettings = {
				ALWAYS_SEARCH_USER_PATHS = NO;
				CLANG_ANALYZER_NONNULL = YES;
				CLANG_ANALYZER_NUMBER_OBJECT_CONVERSION = YES_AGGRESSIVE;
				CLANG_CXX_LANGUAGE_STANDARD = "gnu++17";
				CLANG_CXX_LIBRARY = "libc++";
				CLANG_ENABLE_MODULES = YES;
				CLANG_ENABLE_OBJC_ARC = YES;
				CLANG_ENABLE_OBJC_WEAK = YES;
				CLANG_WARN_BLOCK_CAPTURE_AUTORELEASING = YES;
				CLANG_WARN_BOOL_CONVERSION = YES;
				CLANG_WARN_COMMA = YES;
				CLANG_WARN_CONSTANT_CONVERSION = YES;
				CLANG_WARN_DEPRECATED_OBJC_IMPLEMENTATIONS = YES;
				CLANG_WARN_DIRECT_OBJC_ISA_USAGE = YES_ERROR;
				CLANG_WARN_DOCUMENTATION_COMMENTS = YES;
				CLANG_WARN_EMPTY_BODY = YES;
				CLANG_WARN_ENUM_CONVERSION = YES;
				CLANG_WARN_INFINITE_RECURSION = YES;
				CLANG_WARN_INT_CONVERSION = YES;
				CLANG_WARN_NON_LITERAL_NULL_CONVERSION = YES;
				CLANG_WARN_OBJC_IMPLICIT_RETAIN_SELF = YES;
				CLANG_WARN_OBJC_LITERAL_CONVERSION = YES;
				CLANG_WARN_OBJC_ROOT_CLASS = YES_ERROR;
				CLANG_WARN_QUOTED_INCLUDE_IN_FRAMEWORK_HEADER = YES;
				CLANG_WARN_RANGE_LOOP_ANALYSIS = YES;
				CLANG_WARN_STRICT_PROTOTYPES = YES;
				CLANG_WARN_SUSPICIOUS_MOVE = YES;
				CLANG_WARN_UNGUARDED_AVAILABILITY = YES_AGGRESSIVE;
				CLANG_WARN_UNREACHABLE_CODE = YES;
				CLANG_WARN__DUPLICATE_METHOD_MATCH = YES;
				COPY_PHASE_STRIP = NO;
				DEBUG_INFORMATION_FORMAT = dwarf;
				ENABLE_STRICT_OBJC_MSGSEND = YES;
				ENABLE_TESTABILITY = YES;
				GCC_C_LANGUAGE_STANDARD = gnu11;
				GCC_DYNAMIC_NO_PIC = NO;
				GCC_NO_COMMON_BLOCKS = YES;
				GCC_OPTIMIZATION_LEVEL = 0;
				GCC_PREPROCESSOR_DEFINITIONS = (
					"DEBUG=1",
					"$(inherited)",
				);
				GCC_WARN_64_TO_32_BIT_CONVERSION = YES;
				GCC_WARN_ABOUT_RETURN_TYPE = YES_ERROR;
				GCC_WARN_UNDECLARED_SELECTOR = YES;
				GCC_WARN_UNINITIALIZED_AUTOS = YES_AGGRESSIVE;
				GCC_WARN_UNUSED_FUNCTION = YES;
				GCC_WARN_UNUSED_VARIABLE = YES;
				IPHONEOS_DEPLOYMENT_TARGET = 15.0;
				MTL_ENABLE_DEBUG_INFO = INCLUDE_SOURCE;
				MTL_FAST_MATH = YES;
				ONLY_ACTIVE_ARCH = YES;
				SDKROOT = iphoneos;
				SWIFT_ACTIVE_COMPILATION_CONDITIONS = DEBUG;
				SWIFT_OPTIMIZATION_LEVEL = "-Onone";
			};
			name = Debug;
		};
		B002180D27B26FDE005B7682 /* Release */ = {
			isa = XCBuildConfiguration;
			buildSettings = {
				ALWAYS_SEARCH_USER_PATHS = NO;
				CLANG_ANALYZER_NONNULL = YES;
				CLANG_ANALYZER_NUMBER_OBJECT_CONVERSION = YES_AGGRESSIVE;
				CLANG_CXX_LANGUAGE_STANDARD = "gnu++17";
				CLANG_CXX_LIBRARY = "libc++";
				CLANG_ENABLE_MODULES = YES;
				CLANG_ENABLE_OBJC_ARC = YES;
				CLANG_ENABLE_OBJC_WEAK = YES;
				CLANG_WARN_BLOCK_CAPTURE_AUTORELEASING = YES;
				CLANG_WARN_BOOL_CONVERSION = YES;
				CLANG_WARN_COMMA = YES;
				CLANG_WARN_CONSTANT_CONVERSION = YES;
				CLANG_WARN_DEPRECATED_OBJC_IMPLEMENTATIONS = YES;
				CLANG_WARN_DIRECT_OBJC_ISA_USAGE = YES_ERROR;
				CLANG_WARN_DOCUMENTATION_COMMENTS = YES;
				CLANG_WARN_EMPTY_BODY = YES;
				CLANG_WARN_ENUM_CONVERSION = YES;
				CLANG_WARN_INFINITE_RECURSION = YES;
				CLANG_WARN_INT_CONVERSION = YES;
				CLANG_WARN_NON_LITERAL_NULL_CONVERSION = YES;
				CLANG_WARN_OBJC_IMPLICIT_RETAIN_SELF = YES;
				CLANG_WARN_OBJC_LITERAL_CONVERSION = YES;
				CLANG_WARN_OBJC_ROOT_CLASS = YES_ERROR;
				CLANG_WARN_QUOTED_INCLUDE_IN_FRAMEWORK_HEADER = YES;
				CLANG_WARN_RANGE_LOOP_ANALYSIS = YES;
				CLANG_WARN_STRICT_PROTOTYPES = YES;
				CLANG_WARN_SUSPICIOUS_MOVE = YES;
				CLANG_WARN_UNGUARDED_AVAILABILITY = YES_AGGRESSIVE;
				CLANG_WARN_UNREACHABLE_CODE = YES;
				CLANG_WARN__DUPLICATE_METHOD_MATCH = YES;
				COPY_PHASE_STRIP = NO;
				DEBUG_INFORMATION_FORMAT = "dwarf-with-dsym";
				ENABLE_NS_ASSERTIONS = NO;
				ENABLE_STRICT_OBJC_MSGSEND = YES;
				GCC_C_LANGUAGE_STANDARD = gnu11;
				GCC_NO_COMMON_BLOCKS = YES;
				GCC_WARN_64_TO_32_BIT_CONVERSION = YES;
				GCC_WARN_ABOUT_RETURN_TYPE = YES_ERROR;
				GCC_WARN_UNDECLARED_SELECTOR = YES;
				GCC_WARN_UNINITIALIZED_AUTOS = YES_AGGRESSIVE;
				GCC_WARN_UNUSED_FUNCTION = YES;
				GCC_WARN_UNUSED_VARIABLE = YES;
				IPHONEOS_DEPLOYMENT_TARGET = 15.0;
				MTL_ENABLE_DEBUG_INFO = NO;
				MTL_FAST_MATH = YES;
				SDKROOT = iphoneos;
				SWIFT_COMPILATION_MODE = wholemodule;
				SWIFT_OPTIMIZATION_LEVEL = "-O";
				VALIDATE_PRODUCT = YES;
			};
			name = Release;
		};
		B002180F27B26FDE005B7682 /* Debug */ = {
			isa = XCBuildConfiguration;
			buildSettings = {
				ASSETCATALOG_COMPILER_APPICON_NAME = AppIcon;
				ASSETCATALOG_COMPILER_GLOBAL_ACCENT_COLOR_NAME = AccentColor;
				CODE_SIGN_STYLE = Automatic;
				CURRENT_PROJECT_VERSION = 1;
				DEVELOPMENT_TEAM = X358X4364S;
				GENERATE_INFOPLIST_FILE = YES;
				INFOPLIST_FILE = "08.Quizzler-iOS13/Info.plist";
				INFOPLIST_KEY_UIApplicationSupportsIndirectInputEvents = YES;
				INFOPLIST_KEY_UILaunchStoryboardName = LaunchScreen;
				INFOPLIST_KEY_UIMainStoryboardFile = Main;
				INFOPLIST_KEY_UISupportedInterfaceOrientations_iPad = "UIInterfaceOrientationPortrait UIInterfaceOrientationPortraitUpsideDown UIInterfaceOrientationLandscapeLeft UIInterfaceOrientationLandscapeRight";
				INFOPLIST_KEY_UISupportedInterfaceOrientations_iPhone = "UIInterfaceOrientationPortrait UIInterfaceOrientationLandscapeLeft UIInterfaceOrientationLandscapeRight";
				LD_RUNPATH_SEARCH_PATHS = (
					"$(inherited)",
					"@executable_path/Frameworks",
				);
				MARKETING_VERSION = 1.0;
				PRODUCT_BUNDLE_IDENTIFIER = "Oleksandr-Kachkin.-8-Quizzler-iOS13";
				PRODUCT_NAME = "$(TARGET_NAME)";
				SWIFT_EMIT_LOC_STRINGS = YES;
				SWIFT_VERSION = 5.0;
				TARGETED_DEVICE_FAMILY = "1,2";
			};
			name = Debug;
		};
		B002181027B26FDE005B7682 /* Release */ = {
			isa = XCBuildConfiguration;
			buildSettings = {
				ASSETCATALOG_COMPILER_APPICON_NAME = AppIcon;
				ASSETCATALOG_COMPILER_GLOBAL_ACCENT_COLOR_NAME = AccentColor;
				CODE_SIGN_STYLE = Automatic;
				CURRENT_PROJECT_VERSION = 1;
				DEVELOPMENT_TEAM = X358X4364S;
				GENERATE_INFOPLIST_FILE = YES;
				INFOPLIST_FILE = "08.Quizzler-iOS13/Info.plist";
				INFOPLIST_KEY_UIApplicationSupportsIndirectInputEvents = YES;
				INFOPLIST_KEY_UILaunchStoryboardName = LaunchScreen;
				INFOPLIST_KEY_UIMainStoryboardFile = Main;
				INFOPLIST_KEY_UISupportedInterfaceOrientations_iPad = "UIInterfaceOrientationPortrait UIInterfaceOrientationPortraitUpsideDown UIInterfaceOrientationLandscapeLeft UIInterfaceOrientationLandscapeRight";
				INFOPLIST_KEY_UISupportedInterfaceOrientations_iPhone = "UIInterfaceOrientationPortrait UIInterfaceOrientationLandscapeLeft UIInterfaceOrientationLandscapeRight";
				LD_RUNPATH_SEARCH_PATHS = (
					"$(inherited)",
					"@executable_path/Frameworks",
				);
				MARKETING_VERSION = 1.0;
				PRODUCT_BUNDLE_IDENTIFIER = "Oleksandr-Kachkin.-8-Quizzler-iOS13";
				PRODUCT_NAME = "$(TARGET_NAME)";
				SWIFT_EMIT_LOC_STRINGS = YES;
				SWIFT_VERSION = 5.0;
				TARGETED_DEVICE_FAMILY = "1,2";
			};
			name = Release;
		};
/* End XCBuildConfiguration section */

/* Begin XCConfigurationList section */
		B00217F527B26FDE005B7682 /* Build configuration list for PBXProject "08.Quizzler-iOS13" */ = {
			isa = XCConfigurationList;
			buildConfigurations = (
				B002180C27B26FDE005B7682 /* Debug */,
				B002180D27B26FDE005B7682 /* Release */,
			);
			defaultConfigurationIsVisible = 0;
			defaultConfigurationName = Release;
		};
		B002180E27B26FDE005B7682 /* Build configuration list for PBXNativeTarget "08.Quizzler-iOS13" */ = {
			isa = XCConfigurationList;
			buildConfigurations = (
				B002180F27B26FDE005B7682 /* Debug */,
				B002181027B26FDE005B7682 /* Release */,
			);
			defaultConfigurationIsVisible = 0;
			defaultConfigurationName = Release;
		};
/* End XCConfigurationList section */
	};
	rootObject = B00217F227B26FDE005B7682 /* Project object */;
}
