// !$*UTF8*$!
{
	archiveVersion = 1;
	classes = {
	};
	objectVersion = 55;
	objects = {

/* Begin PBXBuildFile section */
		B013501127B3EFD500112ADB /* AppDelegate.swift in Sources */ = {isa = PBXBuildFile; fileRef = B013501027B3EFD500112ADB /* AppDelegate.swift */; };
		B013501327B3EFD500112ADB /* SceneDelegate.swift in Sources */ = {isa = PBXBuildFile; fileRef = B013501227B3EFD500112ADB /* SceneDelegate.swift */; };
		B013501527B3EFD500112ADB /* ViewController.swift in Sources */ = {isa = PBXBuildFile; fileRef = B013501427B3EFD500112ADB /* ViewController.swift */; };
		B013501827B3EFD500112ADB /* Main.storyboard in Resources */ = {isa = PBXBuildFile; fileRef = B013501627B3EFD500112ADB /* Main.storyboard */; };
		B013501A27B3EFD600112ADB /* Assets.xcassets in Resources */ = {isa = PBXBuildFile; fileRef = B013501927B3EFD600112ADB /* Assets.xcassets */; };
		B013501D27B3EFD600112ADB /* LaunchScreen.storyboard in Resources */ = {isa = PBXBuildFile; fileRef = B013501B27B3EFD600112ADB /* LaunchScreen.storyboard */; };
		B013502727B3F45700112ADB /* Story.swift in Sources */ = {isa = PBXBuildFile; fileRef = B013502627B3F45700112ADB /* Story.swift */; };
		B013502A27B3F47700112ADB /* StoryBrain.swift in Sources */ = {isa = PBXBuildFile; fileRef = B013502927B3F47700112ADB /* StoryBrain.swift */; };
/* End PBXBuildFile section */

/* Begin PBXFileReference section */
		B013500D27B3EFD500112ADB /* 09.Destini-iOS13.app */ = {isa = PBXFileReference; explicitFileType = wrapper.application; includeInIndex = 0; path = "09.Destini-iOS13.app"; sourceTree = BUILT_PRODUCTS_DIR; };
		B013501027B3EFD500112ADB /* AppDelegate.swift */ = {isa = PBXFileReference; lastKnownFileType = sourcecode.swift; path = AppDelegate.swift; sourceTree = "<group>"; };
		B013501227B3EFD500112ADB /* SceneDelegate.swift */ = {isa = PBXFileReference; lastKnownFileType = sourcecode.swift; path = SceneDelegate.swift; sourceTree = "<group>"; };
		B013501427B3EFD500112ADB /* ViewController.swift */ = {isa = PBXFileReference; lastKnownFileType = sourcecode.swift; path = ViewController.swift; sourceTree = "<group>"; };
		B013501727B3EFD500112ADB /* Base */ = {isa = PBXFileReference; lastKnownFileType = file.storyboard; name = Base; path = Base.lproj/Main.storyboard; sourceTree = "<group>"; };
		B013501927B3EFD600112ADB /* Assets.xcassets */ = {isa = PBXFileReference; lastKnownFileType = folder.assetcatalog; path = Assets.xcassets; sourceTree = "<group>"; };
		B013501C27B3EFD600112ADB /* Base */ = {isa = PBXFileReference; lastKnownFileType = file.storyboard; name = Base; path = Base.lproj/LaunchScreen.storyboard; sourceTree = "<group>"; };
		B013501E27B3EFD600112ADB /* Info.plist */ = {isa = PBXFileReference; lastKnownFileType = text.plist.xml; path = Info.plist; sourceTree = "<group>"; };
		B013502627B3F45700112ADB /* Story.swift */ = {isa = PBXFileReference; lastKnownFileType = sourcecode.swift; path = Story.swift; sourceTree = "<group>"; };
		B013502927B3F47700112ADB /* StoryBrain.swift */ = {isa = PBXFileReference; lastKnownFileType = sourcecode.swift; path = StoryBrain.swift; sourceTree = "<group>"; };
/* End PBXFileReference section */

/* Begin PBXFrameworksBuildPhase section */
		B013500A27B3EFD500112ADB /* Frameworks */ = {
			isa = PBXFrameworksBuildPhase;
			buildActionMask = 2147483647;
			files = (
			);
			runOnlyForDeploymentPostprocessing = 0;
		};
/* End PBXFrameworksBuildPhase section */

/* Begin PBXGroup section */
		B013500427B3EFD500112ADB = {
			isa = PBXGroup;
			children = (
				B013500F27B3EFD500112ADB /* 09.Destini-iOS13 */,
				B013500E27B3EFD500112ADB /* Products */,
			);
			sourceTree = "<group>";
		};
		B013500E27B3EFD500112ADB /* Products */ = {
			isa = PBXGroup;
			children = (
				B013500D27B3EFD500112ADB /* 09.Destini-iOS13.app */,
			);
			name = Products;
			sourceTree = "<group>";
		};
		B013500F27B3EFD500112ADB /* 09.Destini-iOS13 */ = {
			isa = PBXGroup;
			children = (
				B013501027B3EFD500112ADB /* AppDelegate.swift */,
				B013501227B3EFD500112ADB /* SceneDelegate.swift */,
				B013502827B3F45B00112ADB /* Model */,
				B013502527B3F43400112ADB /* View */,
				B013502427B3F42E00112ADB /* Controller */,
				B013501927B3EFD600112ADB /* Assets.xcassets */,
				B013501B27B3EFD600112ADB /* LaunchScreen.storyboard */,
				B013501E27B3EFD600112ADB /* Info.plist */,
			);
			path = "09.Destini-iOS13";
			sourceTree = "<group>";
		};
		B013502427B3F42E00112ADB /* Controller */ = {
			isa = PBXGroup;
			children = (
				B013501427B3EFD500112ADB /* ViewController.swift */,
			);
			path = Controller;
			sourceTree = "<group>";
		};
		B013502527B3F43400112ADB /* View */ = {
			isa = PBXGroup;
			children = (
				B013501627B3EFD500112ADB /* Main.storyboard */,
			);
			path = View;
			sourceTree = "<group>";
		};
		B013502827B3F45B00112ADB /* Model */ = {
			isa = PBXGroup;
			children = (
				B013502627B3F45700112ADB /* Story.swift */,
				B013502927B3F47700112ADB /* StoryBrain.swift */,
			);
			path = Model;
			sourceTree = "<group>";
		};
/* End PBXGroup section */

/* Begin PBXNativeTarget section */
		B013500C27B3EFD500112ADB /* 09.Destini-iOS13 */ = {
			isa = PBXNativeTarget;
			buildConfigurationList = B013502127B3EFD600112ADB /* Build configuration list for PBXNativeTarget "09.Destini-iOS13" */;
			buildPhases = (
				B013500927B3EFD500112ADB /* Sources */,
				B013500A27B3EFD500112ADB /* Frameworks */,
				B013500B27B3EFD500112ADB /* Resources */,
			);
			buildRules = (
			);
			dependencies = (
			);
			name = "09.Destini-iOS13";
			productName = "09.Destini-iOS13";
			productReference = B013500D27B3EFD500112ADB /* 09.Destini-iOS13.app */;
			productType = "com.apple.product-type.application";
		};
/* End PBXNativeTarget section */

/* Begin PBXProject section */
		B013500527B3EFD500112ADB /* Project object */ = {
			isa = PBXProject;
			attributes = {
				BuildIndependentTargetsInParallel = 1;
				LastSwiftUpdateCheck = 1310;
				LastUpgradeCheck = 1310;
				TargetAttributes = {
					B013500C27B3EFD500112ADB = {
						CreatedOnToolsVersion = 13.1;
					};
				};
			};
			buildConfigurationList = B013500827B3EFD500112ADB /* Build configuration list for PBXProject "09.Destini-iOS13" */;
			compatibilityVersion = "Xcode 13.0";
			developmentRegion = en;
			hasScannedForEncodings = 0;
			knownRegions = (
				en,
				Base,
			);
			mainGroup = B013500427B3EFD500112ADB;
			productRefGroup = B013500E27B3EFD500112ADB /* Products */;
			projectDirPath = "";
			projectRoot = "";
			targets = (
				B013500C27B3EFD500112ADB /* 09.Destini-iOS13 */,
			);
		};
/* End PBXProject section */

/* Begin PBXResourcesBuildPhase section */
		B013500B27B3EFD500112ADB /* Resources */ = {
			isa = PBXResourcesBuildPhase;
			buildActionMask = 2147483647;
			files = (
				B013501D27B3EFD600112ADB /* LaunchScreen.storyboard in Resources */,
				B013501A27B3EFD600112ADB /* Assets.xcassets in Resources */,
				B013501827B3EFD500112ADB /* Main.storyboard in Resources */,
			);
			runOnlyForDeploymentPostprocessing = 0;
		};
/* End PBXResourcesBuildPhase section */

/* Begin PBXSourcesBuildPhase section */
		B013500927B3EFD500112ADB /* Sources */ = {
			isa = PBXSourcesBuildPhase;
			buildActionMask = 2147483647;
			files = (
				B013502A27B3F47700112ADB /* StoryBrain.swift in Sources */,
				B013501527B3EFD500112ADB /* ViewController.swift in Sources */,
				B013501127B3EFD500112ADB /* AppDelegate.swift in Sources */,
				B013501327B3EFD500112ADB /* SceneDelegate.swift in Sources */,
				B013502727B3F45700112ADB /* Story.swift in Sources */,
			);
			runOnlyForDeploymentPostprocessing = 0;
		};
/* End PBXSourcesBuildPhase section */

/* Begin PBXVariantGroup section */
		B013501627B3EFD500112ADB /* Main.storyboard */ = {
			isa = PBXVariantGroup;
			children = (
				B013501727B3EFD500112ADB /* Base */,
			);
			name = Main.storyboard;
			sourceTree = "<group>";
		};
		B013501B27B3EFD600112ADB /* LaunchScreen.storyboard */ = {
			isa = PBXVariantGroup;
			children = (
				B013501C27B3EFD600112ADB /* Base */,
			);
			name = LaunchScreen.storyboard;
			sourceTree = "<group>";
		};
/* End PBXVariantGroup section */

/* Begin XCBuildConfiguration section */
		B013501F27B3EFD600112ADB /* Debug */ = {
			isa = XCBuildConfiguration;
			buildSettings = {
				ALWAYS_SEARCH_USER_PATHS = NO;
				CLANG_ANALYZER_NONNULL = YES;
				CLANG_ANALYZER_NUMBER_OBJECT_CONVERSION = YES_AGGRESSIVE;
				CLANG_CXX_LANGUAGE_STANDARD = "gnu++17";
				CLANG_CXX_LIBRARY = "libc++";
				CLANG_ENABLE_MODULES = YES;
				CLANG_ENABLE_OBJC_ARC = YES;
				CLANG_ENABLE_OBJC_WEAK = YES;
				CLANG_WARN_BLOCK_CAPTURE_AUTORELEASING = YES;
				CLANG_WARN_BOOL_CONVERSION = YES;
				CLANG_WARN_COMMA = YES;
				CLANG_WARN_CONSTANT_CONVERSION = YES;
				CLANG_WARN_DEPRECATED_OBJC_IMPLEMENTATIONS = YES;
				CLANG_WARN_DIRECT_OBJC_ISA_USAGE = YES_ERROR;
				CLANG_WARN_DOCUMENTATION_COMMENTS = YES;
				CLANG_WARN_EMPTY_BODY = YES;
				CLANG_WARN_ENUM_CONVERSION = YES;
				CLANG_WARN_INFINITE_RECURSION = YES;
				CLANG_WARN_INT_CONVERSION = YES;
				CLANG_WARN_NON_LITERAL_NULL_CONVERSION = YES;
				CLANG_WARN_OBJC_IMPLICIT_RETAIN_SELF = YES;
				CLANG_WARN_OBJC_LITERAL_CONVERSION = YES;
				CLANG_WARN_OBJC_ROOT_CLASS = YES_ERROR;
				CLANG_WARN_QUOTED_INCLUDE_IN_FRAMEWORK_HEADER = YES;
				CLANG_WARN_RANGE_LOOP_ANALYSIS = YES;
				CLANG_WARN_STRICT_PROTOTYPES = YES;
				CLANG_WARN_SUSPICIOUS_MOVE = YES;
				CLANG_WARN_UNGUARDED_AVAILABILITY = YES_AGGRESSIVE;
				CLANG_WARN_UNREACHABLE_CODE = YES;
				CLANG_WARN__DUPLICATE_METHOD_MATCH = YES;
				COPY_PHASE_STRIP = NO;
				DEBUG_INFORMATION_FORMAT = dwarf;
				ENABLE_STRICT_OBJC_MSGSEND = YES;
				ENABLE_TESTABILITY = YES;
				GCC_C_LANGUAGE_STANDARD = gnu11;
				GCC_DYNAMIC_NO_PIC = NO;
				GCC_NO_COMMON_BLOCKS = YES;
				GCC_OPTIMIZATION_LEVEL = 0;
				GCC_PREPROCESSOR_DEFINITIONS = (
					"DEBUG=1",
					"$(inherited)",
				);
				GCC_WARN_64_TO_32_BIT_CONVERSION = YES;
				GCC_WARN_ABOUT_RETURN_TYPE = YES_ERROR;
				GCC_WARN_UNDECLARED_SELECTOR = YES;
				GCC_WARN_UNINITIALIZED_AUTOS = YES_AGGRESSIVE;
				GCC_WARN_UNUSED_FUNCTION = YES;
				GCC_WARN_UNUSED_VARIABLE = YES;
				IPHONEOS_DEPLOYMENT_TARGET = 15.0;
				MTL_ENABLE_DEBUG_INFO = INCLUDE_SOURCE;
				MTL_FAST_MATH = YES;
				ONLY_ACTIVE_ARCH = YES;
				SDKROOT = iphoneos;
				SWIFT_ACTIVE_COMPILATION_CONDITIONS = DEBUG;
				SWIFT_OPTIMIZATION_LEVEL = "-Onone";
			};
			name = Debug;
		};
		B013502027B3EFD600112ADB /* Release */ = {
			isa = XCBuildConfiguration;
			buildSettings = {
				ALWAYS_SEARCH_USER_PATHS = NO;
				CLANG_ANALYZER_NONNULL = YES;
				CLANG_ANALYZER_NUMBER_OBJECT_CONVERSION = YES_AGGRESSIVE;
				CLANG_CXX_LANGUAGE_STANDARD = "gnu++17";
				CLANG_CXX_LIBRARY = "libc++";
				CLANG_ENABLE_MODULES = YES;
				CLANG_ENABLE_OBJC_ARC = YES;
				CLANG_ENABLE_OBJC_WEAK = YES;
				CLANG_WARN_BLOCK_CAPTURE_AUTORELEASING = YES;
				CLANG_WARN_BOOL_CONVERSION = YES;
				CLANG_WARN_COMMA = YES;
				CLANG_WARN_CONSTANT_CONVERSION = YES;
				CLANG_WARN_DEPRECATED_OBJC_IMPLEMENTATIONS = YES;
				CLANG_WARN_DIRECT_OBJC_ISA_USAGE = YES_ERROR;
				CLANG_WARN_DOCUMENTATION_COMMENTS = YES;
				CLANG_WARN_EMPTY_BODY = YES;
				CLANG_WARN_ENUM_CONVERSION = YES;
				CLANG_WARN_INFINITE_RECURSION = YES;
				CLANG_WARN_INT_CONVERSION = YES;
				CLANG_WARN_NON_LITERAL_NULL_CONVERSION = YES;
				CLANG_WARN_OBJC_IMPLICIT_RETAIN_SELF = YES;
				CLANG_WARN_OBJC_LITERAL_CONVERSION = YES;
				CLANG_WARN_OBJC_ROOT_CLASS = YES_ERROR;
				CLANG_WARN_QUOTED_INCLUDE_IN_FRAMEWORK_HEADER = YES;
				CLANG_WARN_RANGE_LOOP_ANALYSIS = YES;
				CLANG_WARN_STRICT_PROTOTYPES = YES;
				CLANG_WARN_SUSPICIOUS_MOVE = YES;
				CLANG_WARN_UNGUARDED_AVAILABILITY = YES_AGGRESSIVE;
				CLANG_WARN_UNREACHABLE_CODE = YES;
				CLANG_WARN__DUPLICATE_METHOD_MATCH = YES;
				COPY_PHASE_STRIP = NO;
				DEBUG_INFORMATION_FORMAT = "dwarf-with-dsym";
				ENABLE_NS_ASSERTIONS = NO;
				ENABLE_STRICT_OBJC_MSGSEND = YES;
				GCC_C_LANGUAGE_STANDARD = gnu11;
				GCC_NO_COMMON_BLOCKS = YES;
				GCC_WARN_64_TO_32_BIT_CONVERSION = YES;
				GCC_WARN_ABOUT_RETURN_TYPE = YES_ERROR;
				GCC_WARN_UNDECLARED_SELECTOR = YES;
				GCC_WARN_UNINITIALIZED_AUTOS = YES_AGGRESSIVE;
				GCC_WARN_UNUSED_FUNCTION = YES;
				GCC_WARN_UNUSED_VARIABLE = YES;
				IPHONEOS_DEPLOYMENT_TARGET = 15.0;
				MTL_ENABLE_DEBUG_INFO = NO;
				MTL_FAST_MATH = YES;
				SDKROOT = iphoneos;
				SWIFT_COMPILATION_MODE = wholemodule;
				SWIFT_OPTIMIZATION_LEVEL = "-O";
				VALIDATE_PRODUCT = YES;
			};
			name = Release;
		};
		B013502227B3EFD600112ADB /* Debug */ = {
			isa = XCBuildConfiguration;
			buildSettings = {
				ASSETCATALOG_COMPILER_APPICON_NAME = AppIcon;
				ASSETCATALOG_COMPILER_GLOBAL_ACCENT_COLOR_NAME = AccentColor;
				CODE_SIGN_STYLE = Automatic;
				CURRENT_PROJECT_VERSION = 1;
				DEVELOPMENT_TEAM = X358X4364S;
				GENERATE_INFOPLIST_FILE = YES;
				INFOPLIST_FILE = "09.Destini-iOS13/Info.plist";
				INFOPLIST_KEY_UIApplicationSupportsIndirectInputEvents = YES;
				INFOPLIST_KEY_UILaunchStoryboardName = LaunchScreen;
				INFOPLIST_KEY_UIMainStoryboardFile = Main;
				INFOPLIST_KEY_UISupportedInterfaceOrientations_iPad = "UIInterfaceOrientationPortrait UIInterfaceOrientationPortraitUpsideDown UIInterfaceOrientationLandscapeLeft UIInterfaceOrientationLandscapeRight";
				INFOPLIST_KEY_UISupportedInterfaceOrientations_iPhone = "UIInterfaceOrientationPortrait UIInterfaceOrientationLandscapeLeft UIInterfaceOrientationLandscapeRight";
				LD_RUNPATH_SEARCH_PATHS = (
					"$(inherited)",
					"@executable_path/Frameworks",
				);
				MARKETING_VERSION = 1.0;
				PRODUCT_BUNDLE_IDENTIFIER = "Oleksandr-Kachkin.-9-Destini-iOS13";
				PRODUCT_NAME = "$(TARGET_NAME)";
				SWIFT_EMIT_LOC_STRINGS = YES;
				SWIFT_VERSION = 5.0;
				TARGETED_DEVICE_FAMILY = "1,2";
			};
			name = Debug;
		};
		B013502327B3EFD600112ADB /* Release */ = {
			isa = XCBuildConfiguration;
			buildSettings = {
				ASSETCATALOG_COMPILER_APPICON_NAME = AppIcon;
				ASSETCATALOG_COMPILER_GLOBAL_ACCENT_COLOR_NAME = AccentColor;
				CODE_SIGN_STYLE = Automatic;
				CURRENT_PROJECT_VERSION = 1;
				DEVELOPMENT_TEAM = X358X4364S;
				GENERATE_INFOPLIST_FILE = YES;
				INFOPLIST_FILE = "09.Destini-iOS13/Info.plist";
				INFOPLIST_KEY_UIApplicationSupportsIndirectInputEvents = YES;
				INFOPLIST_KEY_UILaunchStoryboardName = LaunchScreen;
				INFOPLIST_KEY_UIMainStoryboardFile = Main;
				INFOPLIST_KEY_UISupportedInterfaceOrientations_iPad = "UIInterfaceOrientationPortrait UIInterfaceOrientationPortraitUpsideDown UIInterfaceOrientationLandscapeLeft UIInterfaceOrientationLandscapeRight";
				INFOPLIST_KEY_UISupportedInterfaceOrientations_iPhone = "UIInterfaceOrientationPortrait UIInterfaceOrientationLandscapeLeft UIInterfaceOrientationLandscapeRight";
				LD_RUNPATH_SEARCH_PATHS = (
					"$(inherited)",
					"@executable_path/Frameworks",
				);
				MARKETING_VERSION = 1.0;
				PRODUCT_BUNDLE_IDENTIFIER = "Oleksandr-Kachkin.-9-Destini-iOS13";
				PRODUCT_NAME = "$(TARGET_NAME)";
				SWIFT_EMIT_LOC_STRINGS = YES;
				SWIFT_VERSION = 5.0;
				TARGETED_DEVICE_FAMILY = "1,2";
			};
			name = Release;
		};
/* End XCBuildConfiguration section */

/* Begin XCConfigurationList section */
		B013500827B3EFD500112ADB /* Build configuration list for PBXProject "09.Destini-iOS13" */ = {
			isa = XCConfigurationList;
			buildConfigurations = (
				B013501F27B3EFD600112ADB /* Debug */,
				B013502027B3EFD600112ADB /* Release */,
			);
			defaultConfigurationIsVisible = 0;
			defaultConfigurationName = Release;
		};
		B013502127B3EFD600112ADB /* Build configuration list for PBXNativeTarget "09.Destini-iOS13" */ = {
			isa = XCConfigurationList;
			buildConfigurations = (
				B013502227B3EFD600112ADB /* Debug */,
				B013502327B3EFD600112ADB /* Release */,
			);
			defaultConfigurationIsVisible = 0;
			defaultConfigurationName = Release;
		};
/* End XCConfigurationList section */
	};
	rootObject = B013500527B3EFD500112ADB /* Project object */;
}
