// !$*UTF8*$!
{
	archiveVersion = 1;
	classes = {
	};
	objectVersion = 55;
	objects = {

/* Begin PBXBuildFile section */
		B0D5E2F927BA58E200E21975 /* AppDelegate.swift in Sources */ = {isa = PBXBuildFile; fileRef = B0D5E2F827BA58E200E21975 /* AppDelegate.swift */; };
		B0D5E2FB27BA58E200E21975 /* SceneDelegate.swift in Sources */ = {isa = PBXBuildFile; fileRef = B0D5E2FA27BA58E200E21975 /* SceneDelegate.swift */; };
		B0D5E2FD27BA58E200E21975 /* ViewController.swift in Sources */ = {isa = PBXBuildFile; fileRef = B0D5E2FC27BA58E200E21975 /* ViewController.swift */; };
		B0D5E30027BA58E200E21975 /* Main.storyboard in Resources */ = {isa = PBXBuildFile; fileRef = B0D5E2FE27BA58E200E21975 /* Main.storyboard */; };
		B0D5E30227BA58E300E21975 /* Assets.xcassets in Resources */ = {isa = PBXBuildFile; fileRef = B0D5E30127BA58E300E21975 /* Assets.xcassets */; };
		B0D5E30527BA58E300E21975 /* LaunchScreen.storyboard in Resources */ = {isa = PBXBuildFile; fileRef = B0D5E30327BA58E300E21975 /* LaunchScreen.storyboard */; };
		B0D5E30D27BA63A600E21975 /* Question.swift in Sources */ = {isa = PBXBuildFile; fileRef = B0D5E30C27BA63A600E21975 /* Question.swift */; };
		B0D5E30F27BA68E800E21975 /* QuizBrain.swift in Sources */ = {isa = PBXBuildFile; fileRef = B0D5E30E27BA68E800E21975 /* QuizBrain.swift */; };
/* End PBXBuildFile section */

/* Begin PBXFileReference section */
		B0D5E2F527BA58E200E21975 /* 11.Quizzler-Optionals.app */ = {isa = PBXFileReference; explicitFileType = wrapper.application; includeInIndex = 0; path = "11.Quizzler-Optionals.app"; sourceTree = BUILT_PRODUCTS_DIR; };
		B0D5E2F827BA58E200E21975 /* AppDelegate.swift */ = {isa = PBXFileReference; lastKnownFileType = sourcecode.swift; path = AppDelegate.swift; sourceTree = "<group>"; };
		B0D5E2FA27BA58E200E21975 /* SceneDelegate.swift */ = {isa = PBXFileReference; lastKnownFileType = sourcecode.swift; path = SceneDelegate.swift; sourceTree = "<group>"; };
		B0D5E2FC27BA58E200E21975 /* ViewController.swift */ = {isa = PBXFileReference; lastKnownFileType = sourcecode.swift; path = ViewController.swift; sourceTree = "<group>"; };
		B0D5E2FF27BA58E200E21975 /* Base */ = {isa = PBXFileReference; lastKnownFileType = file.storyboard; name = Base; path = Base.lproj/Main.storyboard; sourceTree = "<group>"; };
		B0D5E30127BA58E300E21975 /* Assets.xcassets */ = {isa = PBXFileReference; lastKnownFileType = folder.assetcatalog; path = Assets.xcassets; sourceTree = "<group>"; };
		B0D5E30427BA58E300E21975 /* Base */ = {isa = PBXFileReference; lastKnownFileType = file.storyboard; name = Base; path = Base.lproj/LaunchScreen.storyboard; sourceTree = "<group>"; };
		B0D5E30627BA58E300E21975 /* Info.plist */ = {isa = PBXFileReference; lastKnownFileType = text.plist.xml; path = Info.plist; sourceTree = "<group>"; };
		B0D5E30C27BA63A600E21975 /* Question.swift */ = {isa = PBXFileReference; lastKnownFileType = sourcecode.swift; path = Question.swift; sourceTree = "<group>"; };
		B0D5E30E27BA68E800E21975 /* QuizBrain.swift */ = {isa = PBXFileReference; lastKnownFileType = sourcecode.swift; path = QuizBrain.swift; sourceTree = "<group>"; };
/* End PBXFileReference section */

/* Begin PBXFrameworksBuildPhase section */
		B0D5E2F227BA58E200E21975 /* Frameworks */ = {
			isa = PBXFrameworksBuildPhase;
			buildActionMask = 2147483647;
			files = (
			);
			runOnlyForDeploymentPostprocessing = 0;
		};
/* End PBXFrameworksBuildPhase section */

/* Begin PBXGroup section */
		B0D5E2EC27BA58E200E21975 = {
			isa = PBXGroup;
			children = (
				B0D5E2F727BA58E200E21975 /* 11.Quizzler-Optionals */,
				B0D5E2F627BA58E200E21975 /* Products */,
			);
			sourceTree = "<group>";
		};
		B0D5E2F627BA58E200E21975 /* Products */ = {
			isa = PBXGroup;
			children = (
				B0D5E2F527BA58E200E21975 /* 11.Quizzler-Optionals.app */,
			);
			name = Products;
			sourceTree = "<group>";
		};
		B0D5E2F727BA58E200E21975 /* 11.Quizzler-Optionals */ = {
			isa = PBXGroup;
			children = (
				B0D5E2F827BA58E200E21975 /* AppDelegate.swift */,
				B0D5E2FA27BA58E200E21975 /* SceneDelegate.swift */,
				B0D5E31227BA9EDF00E21975 /* Model */,
				B0D5E31427BA9EFD00E21975 /* View */,
				B0D5E31327BA9EE800E21975 /* Controller */,
				B0D5E30127BA58E300E21975 /* Assets.xcassets */,
				B0D5E30327BA58E300E21975 /* LaunchScreen.storyboard */,
				B0D5E30627BA58E300E21975 /* Info.plist */,
			);
			path = "11.Quizzler-Optionals";
			sourceTree = "<group>";
		};
		B0D5E31227BA9EDF00E21975 /* Model */ = {
			isa = PBXGroup;
			children = (
				B0D5E30C27BA63A600E21975 /* Question.swift */,
				B0D5E30E27BA68E800E21975 /* QuizBrain.swift */,
			);
			path = Model;
			sourceTree = "<group>";
		};
		B0D5E31327BA9EE800E21975 /* Controller */ = {
			isa = PBXGroup;
			children = (
				B0D5E2FC27BA58E200E21975 /* ViewController.swift */,
			);
			path = Controller;
			sourceTree = "<group>";
		};
		B0D5E31427BA9EFD00E21975 /* View */ = {
			isa = PBXGroup;
			children = (
				B0D5E2FE27BA58E200E21975 /* Main.storyboard */,
			);
			path = View;
			sourceTree = "<group>";
		};
/* End PBXGroup section */

/* Begin PBXNativeTarget section */
		B0D5E2F427BA58E200E21975 /* 11.Quizzler-Optionals */ = {
			isa = PBXNativeTarget;
			buildConfigurationList = B0D5E30927BA58E300E21975 /* Build configuration list for PBXNativeTarget "11.Quizzler-Optionals" */;
			buildPhases = (
				B0D5E2F127BA58E200E21975 /* Sources */,
				B0D5E2F227BA58E200E21975 /* Frameworks */,
				B0D5E2F327BA58E200E21975 /* Resources */,
			);
			buildRules = (
			);
			dependencies = (
			);
			name = "11.Quizzler-Optionals";
			productName = "11.Quizzler-Optionals";
			productReference = B0D5E2F527BA58E200E21975 /* 11.Quizzler-Optionals.app */;
			productType = "com.apple.product-type.application";
		};
/* End PBXNativeTarget section */

/* Begin PBXProject section */
		B0D5E2ED27BA58E200E21975 /* Project object */ = {
			isa = PBXProject;
			attributes = {
				BuildIndependentTargetsInParallel = 1;
				LastSwiftUpdateCheck = 1310;
				LastUpgradeCheck = 1310;
				TargetAttributes = {
					B0D5E2F427BA58E200E21975 = {
						CreatedOnToolsVersion = 13.1;
					};
				};
			};
			buildConfigurationList = B0D5E2F027BA58E200E21975 /* Build configuration list for PBXProject "11.Quizzler-Optionals" */;
			compatibilityVersion = "Xcode 13.0";
			developmentRegion = en;
			hasScannedForEncodings = 0;
			knownRegions = (
				en,
				Base,
			);
			mainGroup = B0D5E2EC27BA58E200E21975;
			productRefGroup = B0D5E2F627BA58E200E21975 /* Products */;
			projectDirPath = "";
			projectRoot = "";
			targets = (
				B0D5E2F427BA58E200E21975 /* 11.Quizzler-Optionals */,
			);
		};
/* End PBXProject section */

/* Begin PBXResourcesBuildPhase section */
		B0D5E2F327BA58E200E21975 /* Resources */ = {
			isa = PBXResourcesBuildPhase;
			buildActionMask = 2147483647;
			files = (
				B0D5E30527BA58E300E21975 /* LaunchScreen.storyboard in Resources */,
				B0D5E30227BA58E300E21975 /* Assets.xcassets in Resources */,
				B0D5E30027BA58E200E21975 /* Main.storyboard in Resources */,
			);
			runOnlyForDeploymentPostprocessing = 0;
		};
/* End PBXResourcesBuildPhase section */

/* Begin PBXSourcesBuildPhase section */
		B0D5E2F127BA58E200E21975 /* Sources */ = {
			isa = PBXSourcesBuildPhase;
			buildActionMask = 2147483647;
			files = (
				B0D5E30F27BA68E800E21975 /* QuizBrain.swift in Sources */,
				B0D5E2FD27BA58E200E21975 /* ViewController.swift in Sources */,
				B0D5E30D27BA63A600E21975 /* Question.swift in Sources */,
				B0D5E2F927BA58E200E21975 /* AppDelegate.swift in Sources */,
				B0D5E2FB27BA58E200E21975 /* SceneDelegate.swift in Sources */,
			);
			runOnlyForDeploymentPostprocessing = 0;
		};
/* End PBXSourcesBuildPhase section */

/* Begin PBXVariantGroup section */
		B0D5E2FE27BA58E200E21975 /* Main.storyboard */ = {
			isa = PBXVariantGroup;
			children = (
				B0D5E2FF27BA58E200E21975 /* Base */,
			);
			name = Main.storyboard;
			sourceTree = "<group>";
		};
		B0D5E30327BA58E300E21975 /* LaunchScreen.storyboard */ = {
			isa = PBXVariantGroup;
			children = (
				B0D5E30427BA58E300E21975 /* Base */,
			);
			name = LaunchScreen.storyboard;
			sourceTree = "<group>";
		};
/* End PBXVariantGroup section */

/* Begin XCBuildConfiguration section */
		B0D5E30727BA58E300E21975 /* Debug */ = {
			isa = XCBuildConfiguration;
			buildSettings = {
				ALWAYS_SEARCH_USER_PATHS = NO;
				CLANG_ANALYZER_NONNULL = YES;
				CLANG_ANALYZER_NUMBER_OBJECT_CONVERSION = YES_AGGRESSIVE;
				CLANG_CXX_LANGUAGE_STANDARD = "gnu++17";
				CLANG_CXX_LIBRARY = "libc++";
				CLANG_ENABLE_MODULES = YES;
				CLANG_ENABLE_OBJC_ARC = YES;
				CLANG_ENABLE_OBJC_WEAK = YES;
				CLANG_WARN_BLOCK_CAPTURE_AUTORELEASING = YES;
				CLANG_WARN_BOOL_CONVERSION = YES;
				CLANG_WARN_COMMA = YES;
				CLANG_WARN_CONSTANT_CONVERSION = YES;
				CLANG_WARN_DEPRECATED_OBJC_IMPLEMENTATIONS = YES;
				CLANG_WARN_DIRECT_OBJC_ISA_USAGE = YES_ERROR;
				CLANG_WARN_DOCUMENTATION_COMMENTS = YES;
				CLANG_WARN_EMPTY_BODY = YES;
				CLANG_WARN_ENUM_CONVERSION = YES;
				CLANG_WARN_INFINITE_RECURSION = YES;
				CLANG_WARN_INT_CONVERSION = YES;
				CLANG_WARN_NON_LITERAL_NULL_CONVERSION = YES;
				CLANG_WARN_OBJC_IMPLICIT_RETAIN_SELF = YES;
				CLANG_WARN_OBJC_LITERAL_CONVERSION = YES;
				CLANG_WARN_OBJC_ROOT_CLASS = YES_ERROR;
				CLANG_WARN_QUOTED_INCLUDE_IN_FRAMEWORK_HEADER = YES;
				CLANG_WARN_RANGE_LOOP_ANALYSIS = YES;
				CLANG_WARN_STRICT_PROTOTYPES = YES;
				CLANG_WARN_SUSPICIOUS_MOVE = YES;
				CLANG_WARN_UNGUARDED_AVAILABILITY = YES_AGGRESSIVE;
				CLANG_WARN_UNREACHABLE_CODE = YES;
				CLANG_WARN__DUPLICATE_METHOD_MATCH = YES;
				COPY_PHASE_STRIP = NO;
				DEBUG_INFORMATION_FORMAT = dwarf;
				ENABLE_STRICT_OBJC_MSGSEND = YES;
				ENABLE_TESTABILITY = YES;
				GCC_C_LANGUAGE_STANDARD = gnu11;
				GCC_DYNAMIC_NO_PIC = NO;
				GCC_NO_COMMON_BLOCKS = YES;
				GCC_OPTIMIZATION_LEVEL = 0;
				GCC_PREPROCESSOR_DEFINITIONS = (
					"DEBUG=1",
					"$(inherited)",
				);
				GCC_WARN_64_TO_32_BIT_CONVERSION = YES;
				GCC_WARN_ABOUT_RETURN_TYPE = YES_ERROR;
				GCC_WARN_UNDECLARED_SELECTOR = YES;
				GCC_WARN_UNINITIALIZED_AUTOS = YES_AGGRESSIVE;
				GCC_WARN_UNUSED_FUNCTION = YES;
				GCC_WARN_UNUSED_VARIABLE = YES;
				IPHONEOS_DEPLOYMENT_TARGET = 15.0;
				MTL_ENABLE_DEBUG_INFO = INCLUDE_SOURCE;
				MTL_FAST_MATH = YES;
				ONLY_ACTIVE_ARCH = YES;
				SDKROOT = iphoneos;
				SWIFT_ACTIVE_COMPILATION_CONDITIONS = DEBUG;
				SWIFT_OPTIMIZATION_LEVEL = "-Onone";
			};
			name = Debug;
		};
		B0D5E30827BA58E300E21975 /* Release */ = {
			isa = XCBuildConfiguration;
			buildSettings = {
				ALWAYS_SEARCH_USER_PATHS = NO;
				CLANG_ANALYZER_NONNULL = YES;
				CLANG_ANALYZER_NUMBER_OBJECT_CONVERSION = YES_AGGRESSIVE;
				CLANG_CXX_LANGUAGE_STANDARD = "gnu++17";
				CLANG_CXX_LIBRARY = "libc++";
				CLANG_ENABLE_MODULES = YES;
				CLANG_ENABLE_OBJC_ARC = YES;
				CLANG_ENABLE_OBJC_WEAK = YES;
				CLANG_WARN_BLOCK_CAPTURE_AUTORELEASING = YES;
				CLANG_WARN_BOOL_CONVERSION = YES;
				CLANG_WARN_COMMA = YES;
				CLANG_WARN_CONSTANT_CONVERSION = YES;
				CLANG_WARN_DEPRECATED_OBJC_IMPLEMENTATIONS = YES;
				CLANG_WARN_DIRECT_OBJC_ISA_USAGE = YES_ERROR;
				CLANG_WARN_DOCUMENTATION_COMMENTS = YES;
				CLANG_WARN_EMPTY_BODY = YES;
				CLANG_WARN_ENUM_CONVERSION = YES;
				CLANG_WARN_INFINITE_RECURSION = YES;
				CLANG_WARN_INT_CONVERSION = YES;
				CLANG_WARN_NON_LITERAL_NULL_CONVERSION = YES;
				CLANG_WARN_OBJC_IMPLICIT_RETAIN_SELF = YES;
				CLANG_WARN_OBJC_LITERAL_CONVERSION = YES;
				CLANG_WARN_OBJC_ROOT_CLASS = YES_ERROR;
				CLANG_WARN_QUOTED_INCLUDE_IN_FRAMEWORK_HEADER = YES;
				CLANG_WARN_RANGE_LOOP_ANALYSIS = YES;
				CLANG_WARN_STRICT_PROTOTYPES = YES;
				CLANG_WARN_SUSPICIOUS_MOVE = YES;
				CLANG_WARN_UNGUARDED_AVAILABILITY = YES_AGGRESSIVE;
				CLANG_WARN_UNREACHABLE_CODE = YES;
				CLANG_WARN__DUPLICATE_METHOD_MATCH = YES;
				COPY_PHASE_STRIP = NO;
				DEBUG_INFORMATION_FORMAT = "dwarf-with-dsym";
				ENABLE_NS_ASSERTIONS = NO;
				ENABLE_STRICT_OBJC_MSGSEND = YES;
				GCC_C_LANGUAGE_STANDARD = gnu11;
				GCC_NO_COMMON_BLOCKS = YES;
				GCC_WARN_64_TO_32_BIT_CONVERSION = YES;
				GCC_WARN_ABOUT_RETURN_TYPE = YES_ERROR;
				GCC_WARN_UNDECLARED_SELECTOR = YES;
				GCC_WARN_UNINITIALIZED_AUTOS = YES_AGGRESSIVE;
				GCC_WARN_UNUSED_FUNCTION = YES;
				GCC_WARN_UNUSED_VARIABLE = YES;
				IPHONEOS_DEPLOYMENT_TARGET = 15.0;
				MTL_ENABLE_DEBUG_INFO = NO;
				MTL_FAST_MATH = YES;
				SDKROOT = iphoneos;
				SWIFT_COMPILATION_MODE = wholemodule;
				SWIFT_OPTIMIZATION_LEVEL = "-O";
				VALIDATE_PRODUCT = YES;
			};
			name = Release;
		};
		B0D5E30A27BA58E300E21975 /* Debug */ = {
			isa = XCBuildConfiguration;
			buildSettings = {
				ASSETCATALOG_COMPILER_APPICON_NAME = AppIcon;
				ASSETCATALOG_COMPILER_GLOBAL_ACCENT_COLOR_NAME = AccentColor;
				CODE_SIGN_STYLE = Automatic;
				CURRENT_PROJECT_VERSION = 1;
				DEVELOPMENT_TEAM = X358X4364S;
				GENERATE_INFOPLIST_FILE = YES;
				INFOPLIST_FILE = "11.Quizzler-Optionals/Info.plist";
				INFOPLIST_KEY_UIApplicationSupportsIndirectInputEvents = YES;
				INFOPLIST_KEY_UILaunchStoryboardName = LaunchScreen;
				INFOPLIST_KEY_UIMainStoryboardFile = Main;
				INFOPLIST_KEY_UISupportedInterfaceOrientations_iPad = "UIInterfaceOrientationPortrait UIInterfaceOrientationPortraitUpsideDown UIInterfaceOrientationLandscapeLeft UIInterfaceOrientationLandscapeRight";
				INFOPLIST_KEY_UISupportedInterfaceOrientations_iPhone = "UIInterfaceOrientationPortrait UIInterfaceOrientationLandscapeLeft UIInterfaceOrientationLandscapeRight";
				LD_RUNPATH_SEARCH_PATHS = (
					"$(inherited)",
					"@executable_path/Frameworks",
				);
				MARKETING_VERSION = 1.0;
				PRODUCT_BUNDLE_IDENTIFIER = "Oleksandr-Kachkin.-1-Quizzler-Optionals";
				PRODUCT_NAME = "$(TARGET_NAME)";
				SWIFT_EMIT_LOC_STRINGS = YES;
				SWIFT_VERSION = 5.0;
				TARGETED_DEVICE_FAMILY = "1,2";
			};
			name = Debug;
		};
		B0D5E30B27BA58E300E21975 /* Release */ = {
			isa = XCBuildConfiguration;
			buildSettings = {
				ASSETCATALOG_COMPILER_APPICON_NAME = AppIcon;
				ASSETCATALOG_COMPILER_GLOBAL_ACCENT_COLOR_NAME = AccentColor;
				CODE_SIGN_STYLE = Automatic;
				CURRENT_PROJECT_VERSION = 1;
				DEVELOPMENT_TEAM = X358X4364S;
				GENERATE_INFOPLIST_FILE = YES;
				INFOPLIST_FILE = "11.Quizzler-Optionals/Info.plist";
				INFOPLIST_KEY_UIApplicationSupportsIndirectInputEvents = YES;
				INFOPLIST_KEY_UILaunchStoryboardName = LaunchScreen;
				INFOPLIST_KEY_UIMainStoryboardFile = Main;
				INFOPLIST_KEY_UISupportedInterfaceOrientations_iPad = "UIInterfaceOrientationPortrait UIInterfaceOrientationPortraitUpsideDown UIInterfaceOrientationLandscapeLeft UIInterfaceOrientationLandscapeRight";
				INFOPLIST_KEY_UISupportedInterfaceOrientations_iPhone = "UIInterfaceOrientationPortrait UIInterfaceOrientationLandscapeLeft UIInterfaceOrientationLandscapeRight";
				LD_RUNPATH_SEARCH_PATHS = (
					"$(inherited)",
					"@executable_path/Frameworks",
				);
				MARKETING_VERSION = 1.0;
				PRODUCT_BUNDLE_IDENTIFIER = "Oleksandr-Kachkin.-1-Quizzler-Optionals";
				PRODUCT_NAME = "$(TARGET_NAME)";
				SWIFT_EMIT_LOC_STRINGS = YES;
				SWIFT_VERSION = 5.0;
				TARGETED_DEVICE_FAMILY = "1,2";
			};
			name = Release;
		};
/* End XCBuildConfiguration section */

/* Begin XCConfigurationList section */
		B0D5E2F027BA58E200E21975 /* Build configuration list for PBXProject "11.Quizzler-Optionals" */ = {
			isa = XCConfigurationList;
			buildConfigurations = (
				B0D5E30727BA58E300E21975 /* Debug */,
				B0D5E30827BA58E300E21975 /* Release */,
			);
			defaultConfigurationIsVisible = 0;
			defaultConfigurationName = Release;
		};
		B0D5E30927BA58E300E21975 /* Build configuration list for PBXNativeTarget "11.Quizzler-Optionals" */ = {
			isa = XCConfigurationList;
			buildConfigurations = (
				B0D5E30A27BA58E300E21975 /* Debug */,
				B0D5E30B27BA58E300E21975 /* Release */,
			);
			defaultConfigurationIsVisible = 0;
			defaultConfigurationName = Release;
		};
/* End XCConfigurationList section */
	};
	rootObject = B0D5E2ED27BA58E200E21975 /* Project object */;
}
